// !$*UTF8*$!
{
	archiveVersion = 1;
	classes = {
	};
	objectVersion = 55;
	objects = {

/* Begin PBXBuildFile section */
		2538D3EC40C7C4D8A26A1CBC /* Pods_iCinema_iCinemaUITests.framework in Frameworks */ = {isa = PBXBuildFile; fileRef = 130D207388885F68BA0997E5 /* Pods_iCinema_iCinemaUITests.framework */; };
		73019E7329AAA66C001A03D5 /* +addTitleView.swift in Sources */ = {isa = PBXBuildFile; fileRef = 73019E7229AAA66C001A03D5 /* +addTitleView.swift */; };
		73019E7629AAB5A0001A03D5 /* +makeCircleImage.swift in Sources */ = {isa = PBXBuildFile; fileRef = 73019E7529AAB5A0001A03D5 /* +makeCircleImage.swift */; };
		730E1C0E29A955F700F2AB85 /* HomeCoordinator.swift in Sources */ = {isa = PBXBuildFile; fileRef = 730E1C0D29A955F700F2AB85 /* HomeCoordinator.swift */; };
		730E1C1029A9580800F2AB85 /* HomeViewController.swift in Sources */ = {isa = PBXBuildFile; fileRef = 730E1C0F29A9580800F2AB85 /* HomeViewController.swift */; };
		730E1C1429A95D9F00F2AB85 /* ReelsCoordinator.swift in Sources */ = {isa = PBXBuildFile; fileRef = 730E1C1329A95D9F00F2AB85 /* ReelsCoordinator.swift */; };
		730E1C1629A95DBA00F2AB85 /* ReelsViewController.swift in Sources */ = {isa = PBXBuildFile; fileRef = 730E1C1529A95DBA00F2AB85 /* ReelsViewController.swift */; };
		730E1C1929A95FA600F2AB85 /* MenuCoordinator.swift in Sources */ = {isa = PBXBuildFile; fileRef = 730E1C1829A95FA600F2AB85 /* MenuCoordinator.swift */; };
		730E1C1B29A95FD100F2AB85 /* MenuViewController.swift in Sources */ = {isa = PBXBuildFile; fileRef = 730E1C1A29A95FD100F2AB85 /* MenuViewController.swift */; };
		730E1C1D29A960E000F2AB85 /* TicketViewController.swift in Sources */ = {isa = PBXBuildFile; fileRef = 730E1C1C29A960E000F2AB85 /* TicketViewController.swift */; };
		730E1C1F29A960F300F2AB85 /* TicketCoordinator.swift in Sources */ = {isa = PBXBuildFile; fileRef = 730E1C1E29A960F300F2AB85 /* TicketCoordinator.swift */; };
		730E1C2129A966CF00F2AB85 /* NotificationCoordinator.swift in Sources */ = {isa = PBXBuildFile; fileRef = 730E1C2029A966CF00F2AB85 /* NotificationCoordinator.swift */; };
		730E1C2329A966DC00F2AB85 /* NotificationViewController.swift in Sources */ = {isa = PBXBuildFile; fileRef = 730E1C2229A966DC00F2AB85 /* NotificationViewController.swift */; };
		730FA8E7298ED92C00F3B955 /* UIView+addAnimate.swift in Sources */ = {isa = PBXBuildFile; fileRef = 730FA8E6298ED92C00F3B955 /* UIView+addAnimate.swift */; };
		7311C3132991B9D500C0610F /* AuthFlowCoordinator.swift in Sources */ = {isa = PBXBuildFile; fileRef = 7311C3122991B9D500C0610F /* AuthFlowCoordinator.swift */; };
		7311C3172991BA3000C0610F /* AppCoordinator.swift in Sources */ = {isa = PBXBuildFile; fileRef = 7311C3162991BA3000C0610F /* AppCoordinator.swift */; };
		731FBF4E29B0BF7E00798DF5 /* IGMockLoader.swift in Sources */ = {isa = PBXBuildFile; fileRef = 731FBF1929B0BF7E00798DF5 /* IGMockLoader.swift */; };
		731FBF4F29B0BF7E00798DF5 /* IGStoryPreviewCell.swift in Sources */ = {isa = PBXBuildFile; fileRef = 731FBF1B29B0BF7E00798DF5 /* IGStoryPreviewCell.swift */; };
		731FBF5029B0BF7E00798DF5 /* IGStoryPreviewModel.swift in Sources */ = {isa = PBXBuildFile; fileRef = 731FBF1D29B0BF7E00798DF5 /* IGStoryPreviewModel.swift */; };
		731FBF5129B0BF7E00798DF5 /* IGStoryPreviewController.swift in Sources */ = {isa = PBXBuildFile; fileRef = 731FBF1E29B0BF7E00798DF5 /* IGStoryPreviewController.swift */; };
		731FBF5229B0BF7E00798DF5 /* UIView+Extension.swift in Sources */ = {isa = PBXBuildFile; fileRef = 731FBF2029B0BF7E00798DF5 /* UIView+Extension.swift */; };
		731FBF5329B0BF7E00798DF5 /* IGAdditions.swift in Sources */ = {isa = PBXBuildFile; fileRef = 731FBF2129B0BF7E00798DF5 /* IGAdditions.swift */; };
		731FBF5429B0BF7E00798DF5 /* Color+Additions.swift in Sources */ = {isa = PBXBuildFile; fileRef = 731FBF2229B0BF7E00798DF5 /* Color+Additions.swift */; };
		731FBF5529B0BF7E00798DF5 /* ImageView+Additions.swift in Sources */ = {isa = PBXBuildFile; fileRef = 731FBF2329B0BF7E00798DF5 /* ImageView+Additions.swift */; };
		731FBF5629B0BF7E00798DF5 /* IGSnapProgressView.swift in Sources */ = {isa = PBXBuildFile; fileRef = 731FBF2529B0BF7E00798DF5 /* IGSnapProgressView.swift */; };
		731FBF5729B0BF7E00798DF5 /* IGStoryPreviewHeaderView.swift in Sources */ = {isa = PBXBuildFile; fileRef = 731FBF2629B0BF7E00798DF5 /* IGStoryPreviewHeaderView.swift */; };
		731FBF5829B0BF7E00798DF5 /* IGStory.swift in Sources */ = {isa = PBXBuildFile; fileRef = 731FBF2829B0BF7E00798DF5 /* IGStory.swift */; };
		731FBF5929B0BF7E00798DF5 /* IGStories.swift in Sources */ = {isa = PBXBuildFile; fileRef = 731FBF2929B0BF7E00798DF5 /* IGStories.swift */; };
		731FBF5A29B0BF7E00798DF5 /* IGSnap.swift in Sources */ = {isa = PBXBuildFile; fileRef = 731FBF2A29B0BF7E00798DF5 /* IGSnap.swift */; };
		731FBF5B29B0BF7E00798DF5 /* IGUser.swift in Sources */ = {isa = PBXBuildFile; fileRef = 731FBF2B29B0BF7E00798DF5 /* IGUser.swift */; };
		731FBF5C29B0BF7E00798DF5 /* UIImageView+Extension.swift in Sources */ = {isa = PBXBuildFile; fileRef = 731FBF2D29B0BF7E00798DF5 /* UIImageView+Extension.swift */; };
		731FBF5D29B0BF7E00798DF5 /* IGResult.swift in Sources */ = {isa = PBXBuildFile; fileRef = 731FBF2E29B0BF7E00798DF5 /* IGResult.swift */; };
		731FBF5E29B0BF7E00798DF5 /* IGRoundedView.swift in Sources */ = {isa = PBXBuildFile; fileRef = 731FBF2F29B0BF7E00798DF5 /* IGRoundedView.swift */; };
		731FBF5F29B0BF7E00798DF5 /* IGImageRequestable.swift in Sources */ = {isa = PBXBuildFile; fileRef = 731FBF3029B0BF7E00798DF5 /* IGImageRequestable.swift */; };
		731FBF6029B0BF7E00798DF5 /* IGError.swift in Sources */ = {isa = PBXBuildFile; fileRef = 731FBF3129B0BF7E00798DF5 /* IGError.swift */; };
		731FBF6129B0BF7E00798DF5 /* IGURLSession.swift in Sources */ = {isa = PBXBuildFile; fileRef = 731FBF3229B0BF7E00798DF5 /* IGURLSession.swift */; };
		731FBF6229B0BF7E00798DF5 /* IGCache.swift in Sources */ = {isa = PBXBuildFile; fileRef = 731FBF3329B0BF7E00798DF5 /* IGCache.swift */; };
		731FBF6329B0BF7E00798DF5 /* IGVideoCacheManager.swift in Sources */ = {isa = PBXBuildFile; fileRef = 731FBF3529B0BF7E00798DF5 /* IGVideoCacheManager.swift */; };
		731FBF6429B0BF7E00798DF5 /* IGPlayerView.swift in Sources */ = {isa = PBXBuildFile; fileRef = 731FBF3729B0BF7E00798DF5 /* IGPlayerView.swift */; };
		731FBF6529B0BF7E00798DF5 /* IGCommon.swift in Sources */ = {isa = PBXBuildFile; fileRef = 731FBF3929B0BF7E00798DF5 /* IGCommon.swift */; };
		731FBF6629B0BF7E00798DF5 /* IGConstants.swift in Sources */ = {isa = PBXBuildFile; fileRef = 731FBF3A29B0BF7E00798DF5 /* IGConstants.swift */; };
		731FBF6729B0BF7E00798DF5 /* IGRetryButton.swift in Sources */ = {isa = PBXBuildFile; fileRef = 731FBF3B29B0BF7E00798DF5 /* IGRetryButton.swift */; };
		731FBF6829B0BF7E00798DF5 /* IGStoryPreviewView.swift in Sources */ = {isa = PBXBuildFile; fileRef = 731FBF3D29B0BF7E00798DF5 /* IGStoryPreviewView.swift */; };
		731FBF6929B0BF7E00798DF5 /* Reachability.swift in Sources */ = {isa = PBXBuildFile; fileRef = 731FBF4029B0BF7E00798DF5 /* Reachability.swift */; };
		731FBF6B29B0BF7E00798DF5 /* CubeAttributesAnimator.swift in Sources */ = {isa = PBXBuildFile; fileRef = 731FBF4429B0BF7E00798DF5 /* CubeAttributesAnimator.swift */; };
		731FBF6C29B0BF7E00798DF5 /* AnimatedCollectionViewLayout.swift in Sources */ = {isa = PBXBuildFile; fileRef = 731FBF4529B0BF7E00798DF5 /* AnimatedCollectionViewLayout.swift */; };
		731FBF6D29B0BF7E00798DF5 /* UIView+Anchor.swift in Sources */ = {isa = PBXBuildFile; fileRef = 731FBF4629B0BF7E00798DF5 /* UIView+Anchor.swift */; };
		731FBF6E29B0BF7E00798DF5 /* LayoutAttributesAnimator.swift in Sources */ = {isa = PBXBuildFile; fileRef = 731FBF4729B0BF7E00798DF5 /* LayoutAttributesAnimator.swift */; };
		731FBF7229B0BF9B00798DF5 /* stories.json in Resources */ = {isa = PBXBuildFile; fileRef = 731FBF7029B0BF9B00798DF5 /* stories.json */; };
		731FBF7729B0C25C00798DF5 /* IGAppUtility.swift in Sources */ = {isa = PBXBuildFile; fileRef = 731FBF7629B0C25C00798DF5 /* IGAppUtility.swift */; };
		731FBF7F29B0C2CB00798DF5 /* IGAddStoryCell.swift in Sources */ = {isa = PBXBuildFile; fileRef = 731FBF7A29B0C2CB00798DF5 /* IGAddStoryCell.swift */; };
		731FBF8029B0C2CB00798DF5 /* IGHomeController.swift in Sources */ = {isa = PBXBuildFile; fileRef = 731FBF7B29B0C2CB00798DF5 /* IGHomeController.swift */; };
		731FBF8129B0C2CB00798DF5 /* IGHomeViewModel.swift in Sources */ = {isa = PBXBuildFile; fileRef = 731FBF7C29B0C2CB00798DF5 /* IGHomeViewModel.swift */; };
		731FBF8229B0C2CB00798DF5 /* IGHomeView.swift in Sources */ = {isa = PBXBuildFile; fileRef = 731FBF7D29B0C2CB00798DF5 /* IGHomeView.swift */; };
		731FBF8329B0C2CB00798DF5 /* IGStoryListCell.swift in Sources */ = {isa = PBXBuildFile; fileRef = 731FBF7E29B0C2CB00798DF5 /* IGStoryListCell.swift */; };
		7325B8732988B7FA0009B8EC /* README.md in Resources */ = {isa = PBXBuildFile; fileRef = 7325B8722988B7FA0009B8EC /* README.md */; };
		733116B82990A9AE00EFD002 /* OTPViewModel.swift in Sources */ = {isa = PBXBuildFile; fileRef = 733116B72990A9AE00EFD002 /* OTPViewModel.swift */; };
		733DAA2129B37B5D00741211 /* InterstsView.swift in Sources */ = {isa = PBXBuildFile; fileRef = 733DAA2029B37B5D00741211 /* InterstsView.swift */; };
		733DAA2529B3A0CA00741211 /* CinemaProfileViewController.swift in Sources */ = {isa = PBXBuildFile; fileRef = 733DAA2429B3A0CA00741211 /* CinemaProfileViewController.swift */; };
		733DAA2729B3B5A200741211 /* TabBarViewModel.swift in Sources */ = {isa = PBXBuildFile; fileRef = 733DAA2629B3B5A200741211 /* TabBarViewModel.swift */; };
		733DAA2929B3BA3D00741211 /* DumySection.swift in Sources */ = {isa = PBXBuildFile; fileRef = 733DAA2829B3BA3D00741211 /* DumySection.swift */; };
		736674E5298EE37C009CA617 /* PhoneViewModel.swift in Sources */ = {isa = PBXBuildFile; fileRef = 736674E4298EE37C009CA617 /* PhoneViewModel.swift */; };
		73687B7329AEA228007DB431 /* MoviesSection.swift in Sources */ = {isa = PBXBuildFile; fileRef = 73687B7229AEA228007DB431 /* MoviesSection.swift */; };
		73687B7529AEA23F007DB431 /* MovieCell.swift in Sources */ = {isa = PBXBuildFile; fileRef = 73687B7429AEA23F007DB431 /* MovieCell.swift */; };
		73687B7729AEA318007DB431 /* MovieSectionHeader.swift in Sources */ = {isa = PBXBuildFile; fileRef = 73687B7629AEA318007DB431 /* MovieSectionHeader.swift */; };
		736EAA8F2993060F00318F2E /* PhoneViewModelTests.swift in Sources */ = {isa = PBXBuildFile; fileRef = 736EAA8E2993060F00318F2E /* PhoneViewModelTests.swift */; };
		73861C242984351E0020A63B /* NewUserViewController.swift in Sources */ = {isa = PBXBuildFile; fileRef = 73861C232984351E0020A63B /* NewUserViewController.swift */; };
		73861C2629843A170020A63B /* ICinemaTextField.swift in Sources */ = {isa = PBXBuildFile; fileRef = 73861C2529843A170020A63B /* ICinemaTextField.swift */; };
		738EEF2C29AE325000CDEE88 /* Poster.swift in Sources */ = {isa = PBXBuildFile; fileRef = 738EEF2B29AE325000CDEE88 /* Poster.swift */; };
		738EEF2E29AE330A00CDEE88 /* Cinema.swift in Sources */ = {isa = PBXBuildFile; fileRef = 738EEF2D29AE330A00CDEE88 /* Cinema.swift */; };
		738EEF3029AE66E100CDEE88 /* PosterPaginationView.swift in Sources */ = {isa = PBXBuildFile; fileRef = 738EEF2F29AE66E100CDEE88 /* PosterPaginationView.swift */; };
		73975B0D299080D000AD955C /* +compositionalLayout.swift in Sources */ = {isa = PBXBuildFile; fileRef = 73975B0C299080D000AD955C /* +compositionalLayout.swift */; };
		739864C529AFFCD3008420F6 /* CinemasSection.swift in Sources */ = {isa = PBXBuildFile; fileRef = 739864C429AFFCD3008420F6 /* CinemasSection.swift */; };
		739864C729AFFCDE008420F6 /* CinemaCell.swift in Sources */ = {isa = PBXBuildFile; fileRef = 739864C629AFFCDE008420F6 /* CinemaCell.swift */; };
		73A30CA729835B1F00D672E6 /* Localizable.strings in Resources */ = {isa = PBXBuildFile; fileRef = 73A30CA929835B1F00D672E6 /* Localizable.strings */; };
		73A30CAC29835B4000D672E6 /* LanguageManager.swift in Sources */ = {isa = PBXBuildFile; fileRef = 73A30CAB29835B4000D672E6 /* LanguageManager.swift */; };
		73A30CAF29835E1700D672E6 /* WelcomeViewController.swift in Sources */ = {isa = PBXBuildFile; fileRef = 73A30CAE29835E1700D672E6 /* WelcomeViewController.swift */; };
		73A30CB129835EE200D672E6 /* ImageManager.swift in Sources */ = {isa = PBXBuildFile; fileRef = 73A30CB029835EE200D672E6 /* ImageManager.swift */; };
		73A30CB32983639000D672E6 /* ICinemaButton.swift in Sources */ = {isa = PBXBuildFile; fileRef = 73A30CB22983639000D672E6 /* ICinemaButton.swift */; };
		73BBF3CB29969DFC00920F53 /* NewUserViewModel.swift in Sources */ = {isa = PBXBuildFile; fileRef = 73BBF3CA29969DFC00920F53 /* NewUserViewModel.swift */; };
		73BFEFA22989EFA600969452 /* OTPViewController.swift in Sources */ = {isa = PBXBuildFile; fileRef = 73BFEFA12989EFA600969452 /* OTPViewController.swift */; };
		73EC918C29834531002F3568 /* AppDelegate.swift in Sources */ = {isa = PBXBuildFile; fileRef = 73EC918B29834531002F3568 /* AppDelegate.swift */; };
		73EC918E29834531002F3568 /* SceneDelegate.swift in Sources */ = {isa = PBXBuildFile; fileRef = 73EC918D29834531002F3568 /* SceneDelegate.swift */; };
		73EC919529834533002F3568 /* Assets.xcassets in Resources */ = {isa = PBXBuildFile; fileRef = 73EC919429834533002F3568 /* Assets.xcassets */; };
		73EC919829834533002F3568 /* LaunchScreen.storyboard in Resources */ = {isa = PBXBuildFile; fileRef = 73EC919629834533002F3568 /* LaunchScreen.storyboard */; };
		73EC91AD29834533002F3568 /* iCenemaUITests.swift in Sources */ = {isa = PBXBuildFile; fileRef = 73EC91AC29834533002F3568 /* iCenemaUITests.swift */; };
		73EC91AF29834533002F3568 /* iCenemaUITestsLaunchTests.swift in Sources */ = {isa = PBXBuildFile; fileRef = 73EC91AE29834533002F3568 /* iCenemaUITestsLaunchTests.swift */; };
		73EC91BC29834569002F3568 /* ICinemaViewController.swift in Sources */ = {isa = PBXBuildFile; fileRef = 73EC91BB29834569002F3568 /* ICinemaViewController.swift */; };
		73EC91C02983462E002F3568 /* ColorsManager.swift in Sources */ = {isa = PBXBuildFile; fileRef = 73EC91BF2983462E002F3568 /* ColorsManager.swift */; };
		73EC91D629834D41002F3568 /* UIView+SizeConstraints.swift in Sources */ = {isa = PBXBuildFile; fileRef = 73EC91C729834D41002F3568 /* UIView+SizeConstraints.swift */; };
		73EC91D729834D41002F3568 /* UIView+MakeConstraints.swift in Sources */ = {isa = PBXBuildFile; fileRef = 73EC91C829834D41002F3568 /* UIView+MakeConstraints.swift */; };
		73EC91D829834D41002F3568 /* UIView+CenterInSuperviewConstraints.swift in Sources */ = {isa = PBXBuildFile; fileRef = 73EC91C929834D41002F3568 /* UIView+CenterInSuperviewConstraints.swift */; };
		73EC91D929834D41002F3568 /* UIView+FillSuperviewConstraints.swift in Sources */ = {isa = PBXBuildFile; fileRef = 73EC91CA29834D41002F3568 /* UIView+FillSuperviewConstraints.swift */; };
		73EF78B1298F2AF400A5DF2D /* CollectionViewCompositionalLayout.swift in Sources */ = {isa = PBXBuildFile; fileRef = 73EF78B0298F2AF400A5DF2D /* CollectionViewCompositionalLayout.swift */; };
		73EF78BC298F3EC900A5DF2D /* +dequeueHelper.swift in Sources */ = {isa = PBXBuildFile; fileRef = 73EF78BA298F3EC900A5DF2D /* +dequeueHelper.swift */; };
		73F04FBD2999333F00F543EE /* Model.swift in Sources */ = {isa = PBXBuildFile; fileRef = 73F04FBC2999333F00F543EE /* Model.swift */; };
		73F0BC072989C4D800742BA2 /* PhoneViewController.swift in Sources */ = {isa = PBXBuildFile; fileRef = 73F0BC062989C4D800742BA2 /* PhoneViewController.swift */; };
		73F0BC172989D24600742BA2 /* CountryPickerView in Frameworks */ = {isa = PBXBuildFile; productRef = 73F0BC162989D24600742BA2 /* CountryPickerView */; };
		73F0C37029AD206000F95B01 /* PosterSection.swift in Sources */ = {isa = PBXBuildFile; fileRef = 73F0C36F29AD206000F95B01 /* PosterSection.swift */; };
		73F0C37229AD2B2D00F95B01 /* IdentifiableView.swift in Sources */ = {isa = PBXBuildFile; fileRef = 73F0C37129AD2B2D00F95B01 /* IdentifiableView.swift */; };
		73F0C37429AD7AE900F95B01 /* PosterCell.swift in Sources */ = {isa = PBXBuildFile; fileRef = 73F0C37329AD7AE900F95B01 /* PosterCell.swift */; };
		73F0C37729AD813D00F95B01 /* Movie.swift in Sources */ = {isa = PBXBuildFile; fileRef = 73F0C37629AD813D00F95B01 /* Movie.swift */; };
		73F7935129A78E55007252BE /* AppTapBarController.swift in Sources */ = {isa = PBXBuildFile; fileRef = 73F7935029A78E55007252BE /* AppTapBarController.swift */; };
		73F7935729A7C612007252BE /* AppTabBarView.swift in Sources */ = {isa = PBXBuildFile; fileRef = 73F7935629A7C612007252BE /* AppTabBarView.swift */; };
		73F7935929A7DB5A007252BE /* CustomShape.swift in Sources */ = {isa = PBXBuildFile; fileRef = 73F7935829A7DB5A007252BE /* CustomShape.swift */; };
		73FE17F72991EB960009D238 /* Coordinator.swift in Sources */ = {isa = PBXBuildFile; fileRef = 73FE17F62991EB960009D238 /* Coordinator.swift */; };
		73FED1E029886B0600395727 /* Constants.swift in Sources */ = {isa = PBXBuildFile; fileRef = 73FED1DF29886B0600395727 /* Constants.swift */; };
		73FED1E2298874CD00395727 /* FontManager.swift in Sources */ = {isa = PBXBuildFile; fileRef = 73FED1E1298874CD00395727 /* FontManager.swift */; };
		73FED1E42988750100395727 /* SizeManager.swift in Sources */ = {isa = PBXBuildFile; fileRef = 73FED1E32988750100395727 /* SizeManager.swift */; };
		73FED1E62988854A00395727 /* RadioButton.swift in Sources */ = {isa = PBXBuildFile; fileRef = 73FED1E52988854A00395727 /* RadioButton.swift */; };
		DB916A22A041C21240710AF0 /* Pods_iCinema.framework in Frameworks */ = {isa = PBXBuildFile; fileRef = 9ECB3E6E71A6E3654F6B2A69 /* Pods_iCinema.framework */; };
		F3FCE8735845D8DA095FF860 /* Pods_iCinemaTests.framework in Frameworks */ = {isa = PBXBuildFile; fileRef = ACE18D7EA97EFF6D8CF2F7F0 /* Pods_iCinemaTests.framework */; };
/* End PBXBuildFile section */

/* Begin PBXContainerItemProxy section */
		73EC919F29834533002F3568 /* PBXContainerItemProxy */ = {
			isa = PBXContainerItemProxy;
			containerPortal = 73EC918029834531002F3568 /* Project object */;
			proxyType = 1;
			remoteGlobalIDString = 73EC918729834531002F3568;
			remoteInfo = iCenema;
		};
		73EC91A929834533002F3568 /* PBXContainerItemProxy */ = {
			isa = PBXContainerItemProxy;
			containerPortal = 73EC918029834531002F3568 /* Project object */;
			proxyType = 1;
			remoteGlobalIDString = 73EC918729834531002F3568;
			remoteInfo = iCenema;
		};
/* End PBXContainerItemProxy section */

/* Begin PBXFileReference section */
		130D207388885F68BA0997E5 /* Pods_iCinema_iCinemaUITests.framework */ = {isa = PBXFileReference; explicitFileType = wrapper.framework; includeInIndex = 0; path = Pods_iCinema_iCinemaUITests.framework; sourceTree = BUILT_PRODUCTS_DIR; };
		2CFBF74A68AFC6696F4A77EC /* Pods-iCinema-iCinemaUITests.release.xcconfig */ = {isa = PBXFileReference; includeInIndex = 1; lastKnownFileType = text.xcconfig; name = "Pods-iCinema-iCinemaUITests.release.xcconfig"; path = "Target Support Files/Pods-iCinema-iCinemaUITests/Pods-iCinema-iCinemaUITests.release.xcconfig"; sourceTree = "<group>"; };
		73019E7229AAA66C001A03D5 /* +addTitleView.swift */ = {isa = PBXFileReference; lastKnownFileType = sourcecode.swift; path = "+addTitleView.swift"; sourceTree = "<group>"; };
		73019E7529AAB5A0001A03D5 /* +makeCircleImage.swift */ = {isa = PBXFileReference; lastKnownFileType = sourcecode.swift; path = "+makeCircleImage.swift"; sourceTree = "<group>"; };
		730E1C0D29A955F700F2AB85 /* HomeCoordinator.swift */ = {isa = PBXFileReference; lastKnownFileType = sourcecode.swift; path = HomeCoordinator.swift; sourceTree = "<group>"; };
		730E1C0F29A9580800F2AB85 /* HomeViewController.swift */ = {isa = PBXFileReference; lastKnownFileType = sourcecode.swift; path = HomeViewController.swift; sourceTree = "<group>"; };
		730E1C1329A95D9F00F2AB85 /* ReelsCoordinator.swift */ = {isa = PBXFileReference; lastKnownFileType = sourcecode.swift; path = ReelsCoordinator.swift; sourceTree = "<group>"; };
		730E1C1529A95DBA00F2AB85 /* ReelsViewController.swift */ = {isa = PBXFileReference; lastKnownFileType = sourcecode.swift; path = ReelsViewController.swift; sourceTree = "<group>"; };
		730E1C1829A95FA600F2AB85 /* MenuCoordinator.swift */ = {isa = PBXFileReference; lastKnownFileType = sourcecode.swift; path = MenuCoordinator.swift; sourceTree = "<group>"; };
		730E1C1A29A95FD100F2AB85 /* MenuViewController.swift */ = {isa = PBXFileReference; lastKnownFileType = sourcecode.swift; path = MenuViewController.swift; sourceTree = "<group>"; };
		730E1C1C29A960E000F2AB85 /* TicketViewController.swift */ = {isa = PBXFileReference; lastKnownFileType = sourcecode.swift; path = TicketViewController.swift; sourceTree = "<group>"; };
		730E1C1E29A960F300F2AB85 /* TicketCoordinator.swift */ = {isa = PBXFileReference; lastKnownFileType = sourcecode.swift; path = TicketCoordinator.swift; sourceTree = "<group>"; };
		730E1C2029A966CF00F2AB85 /* NotificationCoordinator.swift */ = {isa = PBXFileReference; lastKnownFileType = sourcecode.swift; path = NotificationCoordinator.swift; sourceTree = "<group>"; };
		730E1C2229A966DC00F2AB85 /* NotificationViewController.swift */ = {isa = PBXFileReference; lastKnownFileType = sourcecode.swift; path = NotificationViewController.swift; sourceTree = "<group>"; };
		730FA8E6298ED92C00F3B955 /* UIView+addAnimate.swift */ = {isa = PBXFileReference; lastKnownFileType = sourcecode.swift; path = "UIView+addAnimate.swift"; sourceTree = "<group>"; };
		7311C3122991B9D500C0610F /* AuthFlowCoordinator.swift */ = {isa = PBXFileReference; lastKnownFileType = sourcecode.swift; path = AuthFlowCoordinator.swift; sourceTree = "<group>"; };
		7311C3162991BA3000C0610F /* AppCoordinator.swift */ = {isa = PBXFileReference; lastKnownFileType = sourcecode.swift; path = AppCoordinator.swift; sourceTree = "<group>"; };
		731FBF1929B0BF7E00798DF5 /* IGMockLoader.swift */ = {isa = PBXFileReference; fileEncoding = 4; lastKnownFileType = sourcecode.swift; path = IGMockLoader.swift; sourceTree = "<group>"; };
		731FBF1B29B0BF7E00798DF5 /* IGStoryPreviewCell.swift */ = {isa = PBXFileReference; fileEncoding = 4; lastKnownFileType = sourcecode.swift; path = IGStoryPreviewCell.swift; sourceTree = "<group>"; };
		731FBF1D29B0BF7E00798DF5 /* IGStoryPreviewModel.swift */ = {isa = PBXFileReference; fileEncoding = 4; lastKnownFileType = sourcecode.swift; path = IGStoryPreviewModel.swift; sourceTree = "<group>"; };
		731FBF1E29B0BF7E00798DF5 /* IGStoryPreviewController.swift */ = {isa = PBXFileReference; fileEncoding = 4; lastKnownFileType = sourcecode.swift; path = IGStoryPreviewController.swift; sourceTree = "<group>"; };
		731FBF2029B0BF7E00798DF5 /* UIView+Extension.swift */ = {isa = PBXFileReference; fileEncoding = 4; lastKnownFileType = sourcecode.swift; path = "UIView+Extension.swift"; sourceTree = "<group>"; };
		731FBF2129B0BF7E00798DF5 /* IGAdditions.swift */ = {isa = PBXFileReference; fileEncoding = 4; lastKnownFileType = sourcecode.swift; path = IGAdditions.swift; sourceTree = "<group>"; };
		731FBF2229B0BF7E00798DF5 /* Color+Additions.swift */ = {isa = PBXFileReference; fileEncoding = 4; lastKnownFileType = sourcecode.swift; path = "Color+Additions.swift"; sourceTree = "<group>"; };
		731FBF2329B0BF7E00798DF5 /* ImageView+Additions.swift */ = {isa = PBXFileReference; fileEncoding = 4; lastKnownFileType = sourcecode.swift; path = "ImageView+Additions.swift"; sourceTree = "<group>"; };
		731FBF2529B0BF7E00798DF5 /* IGSnapProgressView.swift */ = {isa = PBXFileReference; fileEncoding = 4; lastKnownFileType = sourcecode.swift; path = IGSnapProgressView.swift; sourceTree = "<group>"; };
		731FBF2629B0BF7E00798DF5 /* IGStoryPreviewHeaderView.swift */ = {isa = PBXFileReference; fileEncoding = 4; lastKnownFileType = sourcecode.swift; path = IGStoryPreviewHeaderView.swift; sourceTree = "<group>"; };
		731FBF2829B0BF7E00798DF5 /* IGStory.swift */ = {isa = PBXFileReference; fileEncoding = 4; lastKnownFileType = sourcecode.swift; path = IGStory.swift; sourceTree = "<group>"; };
		731FBF2929B0BF7E00798DF5 /* IGStories.swift */ = {isa = PBXFileReference; fileEncoding = 4; lastKnownFileType = sourcecode.swift; path = IGStories.swift; sourceTree = "<group>"; };
		731FBF2A29B0BF7E00798DF5 /* IGSnap.swift */ = {isa = PBXFileReference; fileEncoding = 4; lastKnownFileType = sourcecode.swift; path = IGSnap.swift; sourceTree = "<group>"; };
		731FBF2B29B0BF7E00798DF5 /* IGUser.swift */ = {isa = PBXFileReference; fileEncoding = 4; lastKnownFileType = sourcecode.swift; path = IGUser.swift; sourceTree = "<group>"; };
		731FBF2D29B0BF7E00798DF5 /* UIImageView+Extension.swift */ = {isa = PBXFileReference; fileEncoding = 4; lastKnownFileType = sourcecode.swift; path = "UIImageView+Extension.swift"; sourceTree = "<group>"; };
		731FBF2E29B0BF7E00798DF5 /* IGResult.swift */ = {isa = PBXFileReference; fileEncoding = 4; lastKnownFileType = sourcecode.swift; path = IGResult.swift; sourceTree = "<group>"; };
		731FBF2F29B0BF7E00798DF5 /* IGRoundedView.swift */ = {isa = PBXFileReference; fileEncoding = 4; lastKnownFileType = sourcecode.swift; path = IGRoundedView.swift; sourceTree = "<group>"; };
		731FBF3029B0BF7E00798DF5 /* IGImageRequestable.swift */ = {isa = PBXFileReference; fileEncoding = 4; lastKnownFileType = sourcecode.swift; path = IGImageRequestable.swift; sourceTree = "<group>"; };
		731FBF3129B0BF7E00798DF5 /* IGError.swift */ = {isa = PBXFileReference; fileEncoding = 4; lastKnownFileType = sourcecode.swift; path = IGError.swift; sourceTree = "<group>"; };
		731FBF3229B0BF7E00798DF5 /* IGURLSession.swift */ = {isa = PBXFileReference; fileEncoding = 4; lastKnownFileType = sourcecode.swift; path = IGURLSession.swift; sourceTree = "<group>"; };
		731FBF3329B0BF7E00798DF5 /* IGCache.swift */ = {isa = PBXFileReference; fileEncoding = 4; lastKnownFileType = sourcecode.swift; path = IGCache.swift; sourceTree = "<group>"; };
		731FBF3529B0BF7E00798DF5 /* IGVideoCacheManager.swift */ = {isa = PBXFileReference; fileEncoding = 4; lastKnownFileType = sourcecode.swift; path = IGVideoCacheManager.swift; sourceTree = "<group>"; };
		731FBF3729B0BF7E00798DF5 /* IGPlayerView.swift */ = {isa = PBXFileReference; fileEncoding = 4; lastKnownFileType = sourcecode.swift; path = IGPlayerView.swift; sourceTree = "<group>"; };
		731FBF3929B0BF7E00798DF5 /* IGCommon.swift */ = {isa = PBXFileReference; fileEncoding = 4; lastKnownFileType = sourcecode.swift; path = IGCommon.swift; sourceTree = "<group>"; };
		731FBF3A29B0BF7E00798DF5 /* IGConstants.swift */ = {isa = PBXFileReference; fileEncoding = 4; lastKnownFileType = sourcecode.swift; path = IGConstants.swift; sourceTree = "<group>"; };
		731FBF3B29B0BF7E00798DF5 /* IGRetryButton.swift */ = {isa = PBXFileReference; fileEncoding = 4; lastKnownFileType = sourcecode.swift; path = IGRetryButton.swift; sourceTree = "<group>"; };
		731FBF3D29B0BF7E00798DF5 /* IGStoryPreviewView.swift */ = {isa = PBXFileReference; fileEncoding = 4; lastKnownFileType = sourcecode.swift; path = IGStoryPreviewView.swift; sourceTree = "<group>"; };
		731FBF4029B0BF7E00798DF5 /* Reachability.swift */ = {isa = PBXFileReference; fileEncoding = 4; lastKnownFileType = sourcecode.swift; path = Reachability.swift; sourceTree = "<group>"; };
		731FBF4429B0BF7E00798DF5 /* CubeAttributesAnimator.swift */ = {isa = PBXFileReference; fileEncoding = 4; lastKnownFileType = sourcecode.swift; path = CubeAttributesAnimator.swift; sourceTree = "<group>"; };
		731FBF4529B0BF7E00798DF5 /* AnimatedCollectionViewLayout.swift */ = {isa = PBXFileReference; fileEncoding = 4; lastKnownFileType = sourcecode.swift; path = AnimatedCollectionViewLayout.swift; sourceTree = "<group>"; };
		731FBF4629B0BF7E00798DF5 /* UIView+Anchor.swift */ = {isa = PBXFileReference; fileEncoding = 4; lastKnownFileType = sourcecode.swift; path = "UIView+Anchor.swift"; sourceTree = "<group>"; };
		731FBF4729B0BF7E00798DF5 /* LayoutAttributesAnimator.swift */ = {isa = PBXFileReference; fileEncoding = 4; lastKnownFileType = sourcecode.swift; path = LayoutAttributesAnimator.swift; sourceTree = "<group>"; };
		731FBF7029B0BF9B00798DF5 /* stories.json */ = {isa = PBXFileReference; fileEncoding = 4; lastKnownFileType = text.json; path = stories.json; sourceTree = "<group>"; };
		731FBF7629B0C25C00798DF5 /* IGAppUtility.swift */ = {isa = PBXFileReference; fileEncoding = 4; lastKnownFileType = sourcecode.swift; path = IGAppUtility.swift; sourceTree = "<group>"; };
		731FBF7A29B0C2CB00798DF5 /* IGAddStoryCell.swift */ = {isa = PBXFileReference; fileEncoding = 4; lastKnownFileType = sourcecode.swift; path = IGAddStoryCell.swift; sourceTree = "<group>"; };
		731FBF7B29B0C2CB00798DF5 /* IGHomeController.swift */ = {isa = PBXFileReference; fileEncoding = 4; lastKnownFileType = sourcecode.swift; path = IGHomeController.swift; sourceTree = "<group>"; };
		731FBF7C29B0C2CB00798DF5 /* IGHomeViewModel.swift */ = {isa = PBXFileReference; fileEncoding = 4; lastKnownFileType = sourcecode.swift; path = IGHomeViewModel.swift; sourceTree = "<group>"; };
		731FBF7D29B0C2CB00798DF5 /* IGHomeView.swift */ = {isa = PBXFileReference; fileEncoding = 4; lastKnownFileType = sourcecode.swift; path = IGHomeView.swift; sourceTree = "<group>"; };
		731FBF7E29B0C2CB00798DF5 /* IGStoryListCell.swift */ = {isa = PBXFileReference; fileEncoding = 4; lastKnownFileType = sourcecode.swift; path = IGStoryListCell.swift; sourceTree = "<group>"; };
		7325B8722988B7FA0009B8EC /* README.md */ = {isa = PBXFileReference; fileEncoding = 4; lastKnownFileType = net.daringfireball.markdown; path = README.md; sourceTree = "<group>"; };
		733116B72990A9AE00EFD002 /* OTPViewModel.swift */ = {isa = PBXFileReference; lastKnownFileType = sourcecode.swift; path = OTPViewModel.swift; sourceTree = "<group>"; };
		733DAA2029B37B5D00741211 /* InterstsView.swift */ = {isa = PBXFileReference; lastKnownFileType = sourcecode.swift; path = InterstsView.swift; sourceTree = "<group>"; };
		733DAA2429B3A0CA00741211 /* CinemaProfileViewController.swift */ = {isa = PBXFileReference; lastKnownFileType = sourcecode.swift; path = CinemaProfileViewController.swift; sourceTree = "<group>"; };
		733DAA2629B3B5A200741211 /* TabBarViewModel.swift */ = {isa = PBXFileReference; lastKnownFileType = sourcecode.swift; path = TabBarViewModel.swift; sourceTree = "<group>"; };
		733DAA2829B3BA3D00741211 /* DumySection.swift */ = {isa = PBXFileReference; lastKnownFileType = sourcecode.swift; path = DumySection.swift; sourceTree = "<group>"; };
		736674E4298EE37C009CA617 /* PhoneViewModel.swift */ = {isa = PBXFileReference; lastKnownFileType = sourcecode.swift; path = PhoneViewModel.swift; sourceTree = "<group>"; };
		73687B7229AEA228007DB431 /* MoviesSection.swift */ = {isa = PBXFileReference; lastKnownFileType = sourcecode.swift; path = MoviesSection.swift; sourceTree = "<group>"; };
		73687B7429AEA23F007DB431 /* MovieCell.swift */ = {isa = PBXFileReference; lastKnownFileType = sourcecode.swift; path = MovieCell.swift; sourceTree = "<group>"; };
		73687B7629AEA318007DB431 /* MovieSectionHeader.swift */ = {isa = PBXFileReference; lastKnownFileType = sourcecode.swift; path = MovieSectionHeader.swift; sourceTree = "<group>"; };
		736EAA8E2993060F00318F2E /* PhoneViewModelTests.swift */ = {isa = PBXFileReference; lastKnownFileType = sourcecode.swift; path = PhoneViewModelTests.swift; sourceTree = "<group>"; };
		73861C232984351E0020A63B /* NewUserViewController.swift */ = {isa = PBXFileReference; lastKnownFileType = sourcecode.swift; path = NewUserViewController.swift; sourceTree = "<group>"; };
		73861C2529843A170020A63B /* ICinemaTextField.swift */ = {isa = PBXFileReference; lastKnownFileType = sourcecode.swift; path = ICinemaTextField.swift; sourceTree = "<group>"; };
		738EEF2B29AE325000CDEE88 /* Poster.swift */ = {isa = PBXFileReference; lastKnownFileType = sourcecode.swift; path = Poster.swift; sourceTree = "<group>"; };
		738EEF2D29AE330A00CDEE88 /* Cinema.swift */ = {isa = PBXFileReference; lastKnownFileType = sourcecode.swift; path = Cinema.swift; sourceTree = "<group>"; };
		738EEF2F29AE66E100CDEE88 /* PosterPaginationView.swift */ = {isa = PBXFileReference; lastKnownFileType = sourcecode.swift; path = PosterPaginationView.swift; sourceTree = "<group>"; };
		73975B0C299080D000AD955C /* +compositionalLayout.swift */ = {isa = PBXFileReference; lastKnownFileType = sourcecode.swift; path = "+compositionalLayout.swift"; sourceTree = "<group>"; };
		739864C429AFFCD3008420F6 /* CinemasSection.swift */ = {isa = PBXFileReference; lastKnownFileType = sourcecode.swift; path = CinemasSection.swift; sourceTree = "<group>"; };
		739864C629AFFCDE008420F6 /* CinemaCell.swift */ = {isa = PBXFileReference; lastKnownFileType = sourcecode.swift; path = CinemaCell.swift; sourceTree = "<group>"; };
		73A30CA429835B0200D672E6 /* ar */ = {isa = PBXFileReference; lastKnownFileType = text.plist.strings; name = ar; path = ar.lproj/LaunchScreen.strings; sourceTree = "<group>"; };
		73A30CA829835B1F00D672E6 /* ar */ = {isa = PBXFileReference; lastKnownFileType = text.plist.strings; name = ar; path = ar.lproj/Localizable.strings; sourceTree = "<group>"; };
		73A30CAA29835B2500D672E6 /* en */ = {isa = PBXFileReference; lastKnownFileType = text.plist.strings; name = en; path = en.lproj/Localizable.strings; sourceTree = "<group>"; };
		73A30CAB29835B4000D672E6 /* LanguageManager.swift */ = {isa = PBXFileReference; lastKnownFileType = sourcecode.swift; path = LanguageManager.swift; sourceTree = "<group>"; };
		73A30CAE29835E1700D672E6 /* WelcomeViewController.swift */ = {isa = PBXFileReference; lastKnownFileType = sourcecode.swift; path = WelcomeViewController.swift; sourceTree = "<group>"; };
		73A30CB029835EE200D672E6 /* ImageManager.swift */ = {isa = PBXFileReference; lastKnownFileType = sourcecode.swift; path = ImageManager.swift; sourceTree = "<group>"; };
		73A30CB22983639000D672E6 /* ICinemaButton.swift */ = {isa = PBXFileReference; lastKnownFileType = sourcecode.swift; path = ICinemaButton.swift; sourceTree = "<group>"; };
		73BBF3CA29969DFC00920F53 /* NewUserViewModel.swift */ = {isa = PBXFileReference; lastKnownFileType = sourcecode.swift; path = NewUserViewModel.swift; sourceTree = "<group>"; };
		73BFEFA12989EFA600969452 /* OTPViewController.swift */ = {isa = PBXFileReference; lastKnownFileType = sourcecode.swift; path = OTPViewController.swift; sourceTree = "<group>"; };
		73EC918829834531002F3568 /* iCinema.app */ = {isa = PBXFileReference; explicitFileType = wrapper.application; includeInIndex = 0; path = iCinema.app; sourceTree = BUILT_PRODUCTS_DIR; };
		73EC918B29834531002F3568 /* AppDelegate.swift */ = {isa = PBXFileReference; lastKnownFileType = sourcecode.swift; path = AppDelegate.swift; sourceTree = "<group>"; };
		73EC918D29834531002F3568 /* SceneDelegate.swift */ = {isa = PBXFileReference; lastKnownFileType = sourcecode.swift; path = SceneDelegate.swift; sourceTree = "<group>"; };
		73EC919429834533002F3568 /* Assets.xcassets */ = {isa = PBXFileReference; lastKnownFileType = folder.assetcatalog; path = Assets.xcassets; sourceTree = "<group>"; };
		73EC919729834533002F3568 /* Base */ = {isa = PBXFileReference; lastKnownFileType = file.storyboard; name = Base; path = Base.lproj/LaunchScreen.storyboard; sourceTree = "<group>"; };
		73EC919929834533002F3568 /* Info.plist */ = {isa = PBXFileReference; lastKnownFileType = text.plist.xml; path = Info.plist; sourceTree = "<group>"; };
		73EC919E29834533002F3568 /* iCinemaTests.xctest */ = {isa = PBXFileReference; explicitFileType = wrapper.cfbundle; includeInIndex = 0; path = iCinemaTests.xctest; sourceTree = BUILT_PRODUCTS_DIR; };
		73EC91A829834533002F3568 /* iCinemaUITests.xctest */ = {isa = PBXFileReference; explicitFileType = wrapper.cfbundle; includeInIndex = 0; path = iCinemaUITests.xctest; sourceTree = BUILT_PRODUCTS_DIR; };
		73EC91AC29834533002F3568 /* iCenemaUITests.swift */ = {isa = PBXFileReference; lastKnownFileType = sourcecode.swift; path = iCenemaUITests.swift; sourceTree = "<group>"; };
		73EC91AE29834533002F3568 /* iCenemaUITestsLaunchTests.swift */ = {isa = PBXFileReference; lastKnownFileType = sourcecode.swift; path = iCenemaUITestsLaunchTests.swift; sourceTree = "<group>"; };
		73EC91BB29834569002F3568 /* ICinemaViewController.swift */ = {isa = PBXFileReference; lastKnownFileType = sourcecode.swift; path = ICinemaViewController.swift; sourceTree = "<group>"; };
		73EC91BF2983462E002F3568 /* ColorsManager.swift */ = {isa = PBXFileReference; lastKnownFileType = sourcecode.swift; path = ColorsManager.swift; sourceTree = "<group>"; };
		73EC91C729834D41002F3568 /* UIView+SizeConstraints.swift */ = {isa = PBXFileReference; fileEncoding = 4; lastKnownFileType = sourcecode.swift; path = "UIView+SizeConstraints.swift"; sourceTree = "<group>"; };
		73EC91C829834D41002F3568 /* UIView+MakeConstraints.swift */ = {isa = PBXFileReference; fileEncoding = 4; lastKnownFileType = sourcecode.swift; path = "UIView+MakeConstraints.swift"; sourceTree = "<group>"; };
		73EC91C929834D41002F3568 /* UIView+CenterInSuperviewConstraints.swift */ = {isa = PBXFileReference; fileEncoding = 4; lastKnownFileType = sourcecode.swift; path = "UIView+CenterInSuperviewConstraints.swift"; sourceTree = "<group>"; };
		73EC91CA29834D41002F3568 /* UIView+FillSuperviewConstraints.swift */ = {isa = PBXFileReference; fileEncoding = 4; lastKnownFileType = sourcecode.swift; path = "UIView+FillSuperviewConstraints.swift"; sourceTree = "<group>"; };
		73EF78B0298F2AF400A5DF2D /* CollectionViewCompositionalLayout.swift */ = {isa = PBXFileReference; lastKnownFileType = sourcecode.swift; path = CollectionViewCompositionalLayout.swift; sourceTree = "<group>"; };
		73EF78BA298F3EC900A5DF2D /* +dequeueHelper.swift */ = {isa = PBXFileReference; fileEncoding = 4; lastKnownFileType = sourcecode.swift; path = "+dequeueHelper.swift"; sourceTree = "<group>"; };
		73F04FBC2999333F00F543EE /* Model.swift */ = {isa = PBXFileReference; lastKnownFileType = sourcecode.swift; path = Model.swift; sourceTree = "<group>"; };
		73F0BC062989C4D800742BA2 /* PhoneViewController.swift */ = {isa = PBXFileReference; lastKnownFileType = sourcecode.swift; path = PhoneViewController.swift; sourceTree = "<group>"; };
		73F0C36F29AD206000F95B01 /* PosterSection.swift */ = {isa = PBXFileReference; lastKnownFileType = sourcecode.swift; path = PosterSection.swift; sourceTree = "<group>"; };
		73F0C37129AD2B2D00F95B01 /* IdentifiableView.swift */ = {isa = PBXFileReference; lastKnownFileType = sourcecode.swift; path = IdentifiableView.swift; sourceTree = "<group>"; };
		73F0C37329AD7AE900F95B01 /* PosterCell.swift */ = {isa = PBXFileReference; lastKnownFileType = sourcecode.swift; path = PosterCell.swift; sourceTree = "<group>"; };
		73F0C37629AD813D00F95B01 /* Movie.swift */ = {isa = PBXFileReference; lastKnownFileType = sourcecode.swift; path = Movie.swift; sourceTree = "<group>"; };
		73F7935029A78E55007252BE /* AppTapBarController.swift */ = {isa = PBXFileReference; lastKnownFileType = sourcecode.swift; path = AppTapBarController.swift; sourceTree = "<group>"; };
		73F7935629A7C612007252BE /* AppTabBarView.swift */ = {isa = PBXFileReference; lastKnownFileType = sourcecode.swift; path = AppTabBarView.swift; sourceTree = "<group>"; };
		73F7935829A7DB5A007252BE /* CustomShape.swift */ = {isa = PBXFileReference; lastKnownFileType = sourcecode.swift; path = CustomShape.swift; sourceTree = "<group>"; };
		73FE17F62991EB960009D238 /* Coordinator.swift */ = {isa = PBXFileReference; lastKnownFileType = sourcecode.swift; path = Coordinator.swift; sourceTree = "<group>"; };
		73FED1DF29886B0600395727 /* Constants.swift */ = {isa = PBXFileReference; lastKnownFileType = sourcecode.swift; path = Constants.swift; sourceTree = "<group>"; };
		73FED1E1298874CD00395727 /* FontManager.swift */ = {isa = PBXFileReference; lastKnownFileType = sourcecode.swift; path = FontManager.swift; sourceTree = "<group>"; };
		73FED1E32988750100395727 /* SizeManager.swift */ = {isa = PBXFileReference; lastKnownFileType = sourcecode.swift; path = SizeManager.swift; sourceTree = "<group>"; };
		73FED1E52988854A00395727 /* RadioButton.swift */ = {isa = PBXFileReference; lastKnownFileType = sourcecode.swift; path = RadioButton.swift; sourceTree = "<group>"; };
		86F3F46257D3F5904BB5020D /* Pods-iCinemaTests.debug.xcconfig */ = {isa = PBXFileReference; includeInIndex = 1; lastKnownFileType = text.xcconfig; name = "Pods-iCinemaTests.debug.xcconfig"; path = "Target Support Files/Pods-iCinemaTests/Pods-iCinemaTests.debug.xcconfig"; sourceTree = "<group>"; };
		98DBFEE5DA2DA7585F88DDC8 /* Pods-iCinema.debug.xcconfig */ = {isa = PBXFileReference; includeInIndex = 1; lastKnownFileType = text.xcconfig; name = "Pods-iCinema.debug.xcconfig"; path = "Target Support Files/Pods-iCinema/Pods-iCinema.debug.xcconfig"; sourceTree = "<group>"; };
		9ECB3E6E71A6E3654F6B2A69 /* Pods_iCinema.framework */ = {isa = PBXFileReference; explicitFileType = wrapper.framework; includeInIndex = 0; path = Pods_iCinema.framework; sourceTree = BUILT_PRODUCTS_DIR; };
		ACE18D7EA97EFF6D8CF2F7F0 /* Pods_iCinemaTests.framework */ = {isa = PBXFileReference; explicitFileType = wrapper.framework; includeInIndex = 0; path = Pods_iCinemaTests.framework; sourceTree = BUILT_PRODUCTS_DIR; };
		CFCE4B63DC4EBA33B8DDC1E3 /* Pods-iCinema.release.xcconfig */ = {isa = PBXFileReference; includeInIndex = 1; lastKnownFileType = text.xcconfig; name = "Pods-iCinema.release.xcconfig"; path = "Target Support Files/Pods-iCinema/Pods-iCinema.release.xcconfig"; sourceTree = "<group>"; };
		D43966CC7E40DBDC8C2FE4DB /* Pods-iCinema-iCinemaUITests.debug.xcconfig */ = {isa = PBXFileReference; includeInIndex = 1; lastKnownFileType = text.xcconfig; name = "Pods-iCinema-iCinemaUITests.debug.xcconfig"; path = "Target Support Files/Pods-iCinema-iCinemaUITests/Pods-iCinema-iCinemaUITests.debug.xcconfig"; sourceTree = "<group>"; };
		D66994A36BFCFA9FED681ABE /* Pods-iCinemaTests.release.xcconfig */ = {isa = PBXFileReference; includeInIndex = 1; lastKnownFileType = text.xcconfig; name = "Pods-iCinemaTests.release.xcconfig"; path = "Target Support Files/Pods-iCinemaTests/Pods-iCinemaTests.release.xcconfig"; sourceTree = "<group>"; };
/* End PBXFileReference section */

/* Begin PBXFrameworksBuildPhase section */
		73EC918529834531002F3568 /* Frameworks */ = {
			isa = PBXFrameworksBuildPhase;
			buildActionMask = 2147483647;
			files = (
				73F0BC172989D24600742BA2 /* CountryPickerView in Frameworks */,
				DB916A22A041C21240710AF0 /* Pods_iCinema.framework in Frameworks */,
			);
			runOnlyForDeploymentPostprocessing = 0;
		};
		73EC919B29834533002F3568 /* Frameworks */ = {
			isa = PBXFrameworksBuildPhase;
			buildActionMask = 2147483647;
			files = (
				F3FCE8735845D8DA095FF860 /* Pods_iCinemaTests.framework in Frameworks */,
			);
			runOnlyForDeploymentPostprocessing = 0;
		};
		73EC91A529834533002F3568 /* Frameworks */ = {
			isa = PBXFrameworksBuildPhase;
			buildActionMask = 2147483647;
			files = (
				2538D3EC40C7C4D8A26A1CBC /* Pods_iCinema_iCinemaUITests.framework in Frameworks */,
			);
			runOnlyForDeploymentPostprocessing = 0;
		};
/* End PBXFrameworksBuildPhase section */

/* Begin PBXGroup section */
		73019E7129AAA5D1001A03D5 /* UINavigationItem */ = {
			isa = PBXGroup;
			children = (
				73019E7229AAA66C001A03D5 /* +addTitleView.swift */,
			);
			path = UINavigationItem;
			sourceTree = "<group>";
		};
		73019E7429AAB589001A03D5 /* UIImageView */ = {
			isa = PBXGroup;
			children = (
				73019E7529AAB5A0001A03D5 /* +makeCircleImage.swift */,
			);
			path = UIImageView;
			sourceTree = "<group>";
		};
		730E1C0729A950F600F2AB85 /* TabBar */ = {
			isa = PBXGroup;
			children = (
				73F7935029A78E55007252BE /* AppTapBarController.swift */,
				73F7935629A7C612007252BE /* AppTabBarView.swift */,
				733DAA2629B3B5A200741211 /* TabBarViewModel.swift */,
				730E1C0C29A9551700F2AB85 /* Notification */,
				730E1C0B29A9551000F2AB85 /* Ticket */,
				730E1C0829A954F000F2AB85 /* Home */,
				730E1C0A29A9550A00F2AB85 /* Reels */,
				730E1C0929A954F700F2AB85 /* Menu */,
			);
			path = TabBar;
			sourceTree = "<group>";
		};
		730E1C0829A954F000F2AB85 /* Home */ = {
			isa = PBXGroup;
			children = (
				73F0C36B29AD1FA800F95B01 /* Sections */,
				730E1C0D29A955F700F2AB85 /* HomeCoordinator.swift */,
				730E1C0F29A9580800F2AB85 /* HomeViewController.swift */,
			);
			path = Home;
			sourceTree = "<group>";
		};
		730E1C0929A954F700F2AB85 /* Menu */ = {
			isa = PBXGroup;
			children = (
				730E1C1829A95FA600F2AB85 /* MenuCoordinator.swift */,
				730E1C1A29A95FD100F2AB85 /* MenuViewController.swift */,
			);
			path = Menu;
			sourceTree = "<group>";
		};
		730E1C0A29A9550A00F2AB85 /* Reels */ = {
			isa = PBXGroup;
			children = (
				730E1C1329A95D9F00F2AB85 /* ReelsCoordinator.swift */,
				730E1C1529A95DBA00F2AB85 /* ReelsViewController.swift */,
			);
			path = Reels;
			sourceTree = "<group>";
		};
		730E1C0B29A9551000F2AB85 /* Ticket */ = {
			isa = PBXGroup;
			children = (
				730E1C1C29A960E000F2AB85 /* TicketViewController.swift */,
				730E1C1E29A960F300F2AB85 /* TicketCoordinator.swift */,
			);
			path = Ticket;
			sourceTree = "<group>";
		};
		730E1C0C29A9551700F2AB85 /* Notification */ = {
			isa = PBXGroup;
			children = (
				730E1C2029A966CF00F2AB85 /* NotificationCoordinator.swift */,
				730E1C2229A966DC00F2AB85 /* NotificationViewController.swift */,
			);
			path = Notification;
			sourceTree = "<group>";
		};
		7311C3112991B99200C0610F /* AuthFlow */ = {
			isa = PBXGroup;
			children = (
				7311C3122991B9D500C0610F /* AuthFlowCoordinator.swift */,
				73A30CAE29835E1700D672E6 /* WelcomeViewController.swift */,
				736674E3298EE27B009CA617 /* Phone Number */,
				733116B62990A99600EFD002 /* OTP */,
				733116B92990B43000EFD002 /* New User */,
				73751F3829B2A96C004E8C31 /* Intersts */,
			);
			path = AuthFlow;
			sourceTree = "<group>";
		};
		731FBEAF29B0B7CC00798DF5 /* InstagramStories */ = {
			isa = PBXGroup;
			children = (
				731FBF7629B0C25C00798DF5 /* IGAppUtility.swift */,
				731FBF7829B0C2CB00798DF5 /* Modules */,
				731FBF7029B0BF9B00798DF5 /* stories.json */,
				731FBF1729B0BF7E00798DF5 /* Source */,
			);
			path = InstagramStories;
			sourceTree = "<group>";
		};
		731FBF1729B0BF7E00798DF5 /* Source */ = {
			isa = PBXGroup;
			children = (
				731FBF1829B0BF7E00798DF5 /* Stubs */,
				731FBF1A29B0BF7E00798DF5 /* CollectionViewCell */,
				731FBF1C29B0BF7E00798DF5 /* StoryPreview */,
				731FBF1F29B0BF7E00798DF5 /* Extension */,
				731FBF2429B0BF7E00798DF5 /* StoryHeaderView & ProgressView */,
				731FBF2729B0BF7E00798DF5 /* Models */,
				731FBF2C29B0BF7E00798DF5 /* ImageStorer */,
				731FBF3429B0BF7E00798DF5 /* Video Cache */,
				731FBF3629B0BF7E00798DF5 /* IGPlayerView */,
				731FBF3829B0BF7E00798DF5 /* Common */,
				731FBF3C29B0BF7E00798DF5 /* StoryPreviewView */,
				731FBF3E29B0BF7E00798DF5 /* External */,
			);
			path = Source;
			sourceTree = "<group>";
		};
		731FBF1829B0BF7E00798DF5 /* Stubs */ = {
			isa = PBXGroup;
			children = (
				731FBF1929B0BF7E00798DF5 /* IGMockLoader.swift */,
			);
			path = Stubs;
			sourceTree = "<group>";
		};
		731FBF1A29B0BF7E00798DF5 /* CollectionViewCell */ = {
			isa = PBXGroup;
			children = (
				731FBF1B29B0BF7E00798DF5 /* IGStoryPreviewCell.swift */,
			);
			path = CollectionViewCell;
			sourceTree = "<group>";
		};
		731FBF1C29B0BF7E00798DF5 /* StoryPreview */ = {
			isa = PBXGroup;
			children = (
				731FBF1D29B0BF7E00798DF5 /* IGStoryPreviewModel.swift */,
				731FBF1E29B0BF7E00798DF5 /* IGStoryPreviewController.swift */,
			);
			path = StoryPreview;
			sourceTree = "<group>";
		};
		731FBF1F29B0BF7E00798DF5 /* Extension */ = {
			isa = PBXGroup;
			children = (
				731FBF2029B0BF7E00798DF5 /* UIView+Extension.swift */,
				731FBF2129B0BF7E00798DF5 /* IGAdditions.swift */,
				731FBF2229B0BF7E00798DF5 /* Color+Additions.swift */,
				731FBF2329B0BF7E00798DF5 /* ImageView+Additions.swift */,
			);
			path = Extension;
			sourceTree = "<group>";
		};
		731FBF2429B0BF7E00798DF5 /* StoryHeaderView & ProgressView */ = {
			isa = PBXGroup;
			children = (
				731FBF2529B0BF7E00798DF5 /* IGSnapProgressView.swift */,
				731FBF2629B0BF7E00798DF5 /* IGStoryPreviewHeaderView.swift */,
			);
			path = "StoryHeaderView & ProgressView";
			sourceTree = "<group>";
		};
		731FBF2729B0BF7E00798DF5 /* Models */ = {
			isa = PBXGroup;
			children = (
				731FBF2829B0BF7E00798DF5 /* IGStory.swift */,
				731FBF2929B0BF7E00798DF5 /* IGStories.swift */,
				731FBF2A29B0BF7E00798DF5 /* IGSnap.swift */,
				731FBF2B29B0BF7E00798DF5 /* IGUser.swift */,
			);
			path = Models;
			sourceTree = "<group>";
		};
		731FBF2C29B0BF7E00798DF5 /* ImageStorer */ = {
			isa = PBXGroup;
			children = (
				731FBF2D29B0BF7E00798DF5 /* UIImageView+Extension.swift */,
				731FBF2E29B0BF7E00798DF5 /* IGResult.swift */,
				731FBF2F29B0BF7E00798DF5 /* IGRoundedView.swift */,
				731FBF3029B0BF7E00798DF5 /* IGImageRequestable.swift */,
				731FBF3129B0BF7E00798DF5 /* IGError.swift */,
				731FBF3229B0BF7E00798DF5 /* IGURLSession.swift */,
				731FBF3329B0BF7E00798DF5 /* IGCache.swift */,
			);
			path = ImageStorer;
			sourceTree = "<group>";
		};
		731FBF3429B0BF7E00798DF5 /* Video Cache */ = {
			isa = PBXGroup;
			children = (
				731FBF3529B0BF7E00798DF5 /* IGVideoCacheManager.swift */,
			);
			path = "Video Cache";
			sourceTree = "<group>";
		};
		731FBF3629B0BF7E00798DF5 /* IGPlayerView */ = {
			isa = PBXGroup;
			children = (
				731FBF3729B0BF7E00798DF5 /* IGPlayerView.swift */,
			);
			path = IGPlayerView;
			sourceTree = "<group>";
		};
		731FBF3829B0BF7E00798DF5 /* Common */ = {
			isa = PBXGroup;
			children = (
				731FBF3929B0BF7E00798DF5 /* IGCommon.swift */,
				731FBF3A29B0BF7E00798DF5 /* IGConstants.swift */,
				731FBF3B29B0BF7E00798DF5 /* IGRetryButton.swift */,
			);
			path = Common;
			sourceTree = "<group>";
		};
		731FBF3C29B0BF7E00798DF5 /* StoryPreviewView */ = {
			isa = PBXGroup;
			children = (
				731FBF3D29B0BF7E00798DF5 /* IGStoryPreviewView.swift */,
			);
			path = StoryPreviewView;
			sourceTree = "<group>";
		};
		731FBF3E29B0BF7E00798DF5 /* External */ = {
			isa = PBXGroup;
			children = (
				731FBF3F29B0BF7E00798DF5 /* Reachability */,
				731FBF4129B0BF7E00798DF5 /* AnimatedCollectionViewLayout */,
			);
			path = External;
			sourceTree = "<group>";
		};
		731FBF3F29B0BF7E00798DF5 /* Reachability */ = {
			isa = PBXGroup;
			children = (
				731FBF4029B0BF7E00798DF5 /* Reachability.swift */,
			);
			path = Reachability;
			sourceTree = "<group>";
		};
		731FBF4129B0BF7E00798DF5 /* AnimatedCollectionViewLayout */ = {
			isa = PBXGroup;
			children = (
				731FBF4329B0BF7E00798DF5 /* Source */,
			);
			path = AnimatedCollectionViewLayout;
			sourceTree = "<group>";
		};
		731FBF4329B0BF7E00798DF5 /* Source */ = {
			isa = PBXGroup;
			children = (
				731FBF4429B0BF7E00798DF5 /* CubeAttributesAnimator.swift */,
				731FBF4529B0BF7E00798DF5 /* AnimatedCollectionViewLayout.swift */,
				731FBF4629B0BF7E00798DF5 /* UIView+Anchor.swift */,
				731FBF4729B0BF7E00798DF5 /* LayoutAttributesAnimator.swift */,
			);
			path = Source;
			sourceTree = "<group>";
		};
		731FBF7829B0C2CB00798DF5 /* Modules */ = {
			isa = PBXGroup;
			children = (
				731FBF7929B0C2CB00798DF5 /* Home */,
			);
			path = Modules;
			sourceTree = "<group>";
		};
		731FBF7929B0C2CB00798DF5 /* Home */ = {
			isa = PBXGroup;
			children = (
				731FBF7A29B0C2CB00798DF5 /* IGAddStoryCell.swift */,
				731FBF7B29B0C2CB00798DF5 /* IGHomeController.swift */,
				731FBF7C29B0C2CB00798DF5 /* IGHomeViewModel.swift */,
				731FBF7D29B0C2CB00798DF5 /* IGHomeView.swift */,
				731FBF7E29B0C2CB00798DF5 /* IGStoryListCell.swift */,
			);
			path = Home;
			sourceTree = "<group>";
		};
		733116B62990A99600EFD002 /* OTP */ = {
			isa = PBXGroup;
			children = (
				73BFEFA12989EFA600969452 /* OTPViewController.swift */,
				733116B72990A9AE00EFD002 /* OTPViewModel.swift */,
				73F04FBC2999333F00F543EE /* Model.swift */,
			);
			path = OTP;
			sourceTree = "<group>";
		};
		733116B92990B43000EFD002 /* New User */ = {
			isa = PBXGroup;
			children = (
				73861C232984351E0020A63B /* NewUserViewController.swift */,
				73BBF3CA29969DFC00920F53 /* NewUserViewModel.swift */,
			);
			path = "New User";
			sourceTree = "<group>";
		};
		733DAA2229B3A06300741211 /* Scence */ = {
			isa = PBXGroup;
			children = (
				733DAA2329B3A07300741211 /* Cinema Profile */,
			);
			path = Scence;
			sourceTree = "<group>";
		};
		733DAA2329B3A07300741211 /* Cinema Profile */ = {
			isa = PBXGroup;
			children = (
				733DAA2429B3A0CA00741211 /* CinemaProfileViewController.swift */,
			);
			path = "Cinema Profile";
			sourceTree = "<group>";
		};
		736674E3298EE27B009CA617 /* Phone Number */ = {
			isa = PBXGroup;
			children = (
				73F0BC062989C4D800742BA2 /* PhoneViewController.swift */,
				736674E4298EE37C009CA617 /* PhoneViewModel.swift */,
			);
			path = "Phone Number";
			sourceTree = "<group>";
		};
		73687B7129AEA1FB007DB431 /* Movies */ = {
			isa = PBXGroup;
			children = (
				73687B7229AEA228007DB431 /* MoviesSection.swift */,
				73687B7429AEA23F007DB431 /* MovieCell.swift */,
				73687B7629AEA318007DB431 /* MovieSectionHeader.swift */,
			);
			path = Movies;
			sourceTree = "<group>";
		};
		736EAA8D299305D000318F2E /* Auth Flow */ = {
			isa = PBXGroup;
			children = (
				736EAA8E2993060F00318F2E /* PhoneViewModelTests.swift */,
			);
			path = "Auth Flow";
			sourceTree = "<group>";
		};
		73751F3829B2A96C004E8C31 /* Intersts */ = {
			isa = PBXGroup;
			children = (
				733DAA2029B37B5D00741211 /* InterstsView.swift */,
			);
			path = Intersts;
			sourceTree = "<group>";
		};
		739864C329AFFC8F008420F6 /* Cinemas */ = {
			isa = PBXGroup;
			children = (
				739864C429AFFCD3008420F6 /* CinemasSection.swift */,
				739864C629AFFCDE008420F6 /* CinemaCell.swift */,
			);
			path = Cinemas;
			sourceTree = "<group>";
		};
		73A30C9E29835A6800D672E6 /* Localizable */ = {
			isa = PBXGroup;
			children = (
				73A30CAB29835B4000D672E6 /* LanguageManager.swift */,
				73A30CA929835B1F00D672E6 /* Localizable.strings */,
			);
			path = Localizable;
			sourceTree = "<group>";
		};
		73A30CAD29835D2500D672E6 /* Views */ = {
			isa = PBXGroup;
			children = (
				7311C3112991B99200C0610F /* AuthFlow */,
				730E1C0729A950F600F2AB85 /* TabBar */,
				733DAA2229B3A06300741211 /* Scence */,
			);
			path = Views;
			sourceTree = "<group>";
		};
		73EC917F29834531002F3568 = {
			isa = PBXGroup;
			children = (
				7325B8722988B7FA0009B8EC /* README.md */,
				73EC918A29834531002F3568 /* iCenema */,
				73EC91A129834533002F3568 /* iCenemaTests */,
				73EC91AB29834533002F3568 /* iCenemaUITests */,
				73EC918929834531002F3568 /* Products */,
				FAEEB825EAABE8876B06D960 /* Pods */,
				C444E3212BA485B0616DCCCE /* Frameworks */,
			);
			sourceTree = "<group>";
		};
		73EC918929834531002F3568 /* Products */ = {
			isa = PBXGroup;
			children = (
				73EC918829834531002F3568 /* iCinema.app */,
				73EC919E29834533002F3568 /* iCinemaTests.xctest */,
				73EC91A829834533002F3568 /* iCinemaUITests.xctest */,
			);
			name = Products;
			sourceTree = "<group>";
		};
		73EC918A29834531002F3568 /* iCenema */ = {
			isa = PBXGroup;
			children = (
				73EC91BD298345D3002F3568 /* Resources */,
				73EC91C329834D41002F3568 /* Extensions */,
				73EC91BE2983460D002F3568 /* Managers */,
				73EF78AF298F294600A5DF2D /* Protocols */,
				73EC91E029834ED7002F3568 /* ReusableViews */,
				73F0C37529AD7E8000F95B01 /* Models */,
				73A30CAD29835D2500D672E6 /* Views */,
				73EC919929834533002F3568 /* Info.plist */,
				73EC919629834533002F3568 /* LaunchScreen.storyboard */,
			);
			path = iCenema;
			sourceTree = "<group>";
		};
		73EC91A129834533002F3568 /* iCenemaTests */ = {
			isa = PBXGroup;
			children = (
				736EAA8D299305D000318F2E /* Auth Flow */,
			);
			path = iCenemaTests;
			sourceTree = "<group>";
		};
		73EC91AB29834533002F3568 /* iCenemaUITests */ = {
			isa = PBXGroup;
			children = (
				73EC91AC29834533002F3568 /* iCenemaUITests.swift */,
				73EC91AE29834533002F3568 /* iCenemaUITestsLaunchTests.swift */,
			);
			path = iCenemaUITests;
			sourceTree = "<group>";
		};
		73EC91BD298345D3002F3568 /* Resources */ = {
			isa = PBXGroup;
			children = (
				73EC918B29834531002F3568 /* AppDelegate.swift */,
				73EC918D29834531002F3568 /* SceneDelegate.swift */,
				73EC919429834533002F3568 /* Assets.xcassets */,
				7311C3162991BA3000C0610F /* AppCoordinator.swift */,
			);
			path = Resources;
			sourceTree = "<group>";
		};
		73EC91BE2983460D002F3568 /* Managers */ = {
			isa = PBXGroup;
			children = (
				73A30C9E29835A6800D672E6 /* Localizable */,
				73EC91BF2983462E002F3568 /* ColorsManager.swift */,
				73A30CB029835EE200D672E6 /* ImageManager.swift */,
				73FED1E1298874CD00395727 /* FontManager.swift */,
				73FED1DF29886B0600395727 /* Constants.swift */,
				73FED1E32988750100395727 /* SizeManager.swift */,
			);
			path = Managers;
			sourceTree = "<group>";
		};
		73EC91C329834D41002F3568 /* Extensions */ = {
			isa = PBXGroup;
			children = (
				73019E7429AAB589001A03D5 /* UIImageView */,
				73019E7129AAA5D1001A03D5 /* UINavigationItem */,
				73EF78B9298F3EC900A5DF2D /* UICollectionView */,
				73EC91C629834D41002F3568 /* UIView */,
			);
			path = Extensions;
			sourceTree = "<group>";
		};
		73EC91C629834D41002F3568 /* UIView */ = {
			isa = PBXGroup;
			children = (
				73EC91C729834D41002F3568 /* UIView+SizeConstraints.swift */,
				73EC91C829834D41002F3568 /* UIView+MakeConstraints.swift */,
				73EC91C929834D41002F3568 /* UIView+CenterInSuperviewConstraints.swift */,
				73EC91CA29834D41002F3568 /* UIView+FillSuperviewConstraints.swift */,
				730FA8E6298ED92C00F3B955 /* UIView+addAnimate.swift */,
			);
			path = UIView;
			sourceTree = "<group>";
		};
		73EC91E029834ED7002F3568 /* ReusableViews */ = {
			isa = PBXGroup;
			children = (
				731FBEAF29B0B7CC00798DF5 /* InstagramStories */,
				73EC91BB29834569002F3568 /* ICinemaViewController.swift */,
				73A30CB22983639000D672E6 /* ICinemaButton.swift */,
				73861C2529843A170020A63B /* ICinemaTextField.swift */,
				73FED1E52988854A00395727 /* RadioButton.swift */,
				73F7935829A7DB5A007252BE /* CustomShape.swift */,
			);
			path = ReusableViews;
			sourceTree = "<group>";
		};
		73EF78AF298F294600A5DF2D /* Protocols */ = {
			isa = PBXGroup;
			children = (
				73EF78B0298F2AF400A5DF2D /* CollectionViewCompositionalLayout.swift */,
				73FE17F62991EB960009D238 /* Coordinator.swift */,
				73F0C37129AD2B2D00F95B01 /* IdentifiableView.swift */,
			);
			path = Protocols;
			sourceTree = "<group>";
		};
		73EF78B9298F3EC900A5DF2D /* UICollectionView */ = {
			isa = PBXGroup;
			children = (
				73EF78BA298F3EC900A5DF2D /* +dequeueHelper.swift */,
				73975B0C299080D000AD955C /* +compositionalLayout.swift */,
			);
			path = UICollectionView;
			sourceTree = "<group>";
		};
		73F0C36B29AD1FA800F95B01 /* Sections */ = {
			isa = PBXGroup;
			children = (
				733DAA2829B3BA3D00741211 /* DumySection.swift */,
				73F0C36C29AD202000F95B01 /* Poster */,
				73687B7129AEA1FB007DB431 /* Movies */,
				739864C329AFFC8F008420F6 /* Cinemas */,
			);
			path = Sections;
			sourceTree = "<group>";
		};
		73F0C36C29AD202000F95B01 /* Poster */ = {
			isa = PBXGroup;
			children = (
				73F0C36F29AD206000F95B01 /* PosterSection.swift */,
				73F0C37329AD7AE900F95B01 /* PosterCell.swift */,
				738EEF2F29AE66E100CDEE88 /* PosterPaginationView.swift */,
			);
			path = Poster;
			sourceTree = "<group>";
		};
		73F0C37529AD7E8000F95B01 /* Models */ = {
			isa = PBXGroup;
			children = (
				73F0C37629AD813D00F95B01 /* Movie.swift */,
				738EEF2B29AE325000CDEE88 /* Poster.swift */,
				738EEF2D29AE330A00CDEE88 /* Cinema.swift */,
			);
			path = Models;
			sourceTree = "<group>";
		};
		C444E3212BA485B0616DCCCE /* Frameworks */ = {
			isa = PBXGroup;
			children = (
				9ECB3E6E71A6E3654F6B2A69 /* Pods_iCinema.framework */,
				130D207388885F68BA0997E5 /* Pods_iCinema_iCinemaUITests.framework */,
				ACE18D7EA97EFF6D8CF2F7F0 /* Pods_iCinemaTests.framework */,
			);
			name = Frameworks;
			sourceTree = "<group>";
		};
		FAEEB825EAABE8876B06D960 /* Pods */ = {
			isa = PBXGroup;
			children = (
				98DBFEE5DA2DA7585F88DDC8 /* Pods-iCinema.debug.xcconfig */,
				CFCE4B63DC4EBA33B8DDC1E3 /* Pods-iCinema.release.xcconfig */,
				D43966CC7E40DBDC8C2FE4DB /* Pods-iCinema-iCinemaUITests.debug.xcconfig */,
				2CFBF74A68AFC6696F4A77EC /* Pods-iCinema-iCinemaUITests.release.xcconfig */,
				86F3F46257D3F5904BB5020D /* Pods-iCinemaTests.debug.xcconfig */,
				D66994A36BFCFA9FED681ABE /* Pods-iCinemaTests.release.xcconfig */,
			);
			path = Pods;
			sourceTree = "<group>";
		};
/* End PBXGroup section */

/* Begin PBXNativeTarget section */
		73EC918729834531002F3568 /* iCinema */ = {
			isa = PBXNativeTarget;
			buildConfigurationList = 73EC91B229834533002F3568 /* Build configuration list for PBXNativeTarget "iCinema" */;
			buildPhases = (
				3AC4F6E1695203F95D282547 /* [CP] Check Pods Manifest.lock */,
				73EC918429834531002F3568 /* Sources */,
				73EC918529834531002F3568 /* Frameworks */,
				73EC918629834531002F3568 /* Resources */,
				C2FDEA81834EA7F712FE0243 /* [CP] Embed Pods Frameworks */,
			);
			buildRules = (
			);
			dependencies = (
			);
			name = iCinema;
			packageProductDependencies = (
				73F0BC162989D24600742BA2 /* CountryPickerView */,
			);
			productName = iCenema;
			productReference = 73EC918829834531002F3568 /* iCinema.app */;
			productType = "com.apple.product-type.application";
		};
		73EC919D29834533002F3568 /* iCinemaTests */ = {
			isa = PBXNativeTarget;
			buildConfigurationList = 73EC91B529834533002F3568 /* Build configuration list for PBXNativeTarget "iCinemaTests" */;
			buildPhases = (
				13A57CB143429840B5C69CA2 /* [CP] Check Pods Manifest.lock */,
				73EC919A29834533002F3568 /* Sources */,
				73EC919B29834533002F3568 /* Frameworks */,
				73EC919C29834533002F3568 /* Resources */,
			);
			buildRules = (
			);
			dependencies = (
				73EC91A029834533002F3568 /* PBXTargetDependency */,
			);
			name = iCinemaTests;
			productName = iCenemaTests;
			productReference = 73EC919E29834533002F3568 /* iCinemaTests.xctest */;
			productType = "com.apple.product-type.bundle.unit-test";
		};
		73EC91A729834533002F3568 /* iCinemaUITests */ = {
			isa = PBXNativeTarget;
			buildConfigurationList = 73EC91B829834533002F3568 /* Build configuration list for PBXNativeTarget "iCinemaUITests" */;
			buildPhases = (
				933A5FD38024B0E1B7E9D46D /* [CP] Check Pods Manifest.lock */,
				73EC91A429834533002F3568 /* Sources */,
				73EC91A529834533002F3568 /* Frameworks */,
				73EC91A629834533002F3568 /* Resources */,
				7EF7A017FABE729C9A866414 /* [CP] Embed Pods Frameworks */,
			);
			buildRules = (
			);
			dependencies = (
				73EC91AA29834533002F3568 /* PBXTargetDependency */,
			);
			name = iCinemaUITests;
			productName = iCenemaUITests;
			productReference = 73EC91A829834533002F3568 /* iCinemaUITests.xctest */;
			productType = "com.apple.product-type.bundle.ui-testing";
		};
/* End PBXNativeTarget section */

/* Begin PBXProject section */
		73EC918029834531002F3568 /* Project object */ = {
			isa = PBXProject;
			attributes = {
				BuildIndependentTargetsInParallel = 1;
				LastSwiftUpdateCheck = 1400;
				LastUpgradeCheck = 1400;
				TargetAttributes = {
					73EC918729834531002F3568 = {
						CreatedOnToolsVersion = 14.0.1;
					};
					73EC919D29834533002F3568 = {
						CreatedOnToolsVersion = 14.0.1;
						TestTargetID = 73EC918729834531002F3568;
					};
					73EC91A729834533002F3568 = {
						CreatedOnToolsVersion = 14.0.1;
						TestTargetID = 73EC918729834531002F3568;
					};
				};
			};
			buildConfigurationList = 73EC918329834531002F3568 /* Build configuration list for PBXProject "iCinema" */;
			compatibilityVersion = "Xcode 13.0";
			developmentRegion = en;
			hasScannedForEncodings = 0;
			knownRegions = (
				en,
				Base,
				ar,
			);
			mainGroup = 73EC917F29834531002F3568;
			packageReferences = (
				73F0BC152989D24600742BA2 /* XCRemoteSwiftPackageReference "CountryPickerView" */,
			);
			productRefGroup = 73EC918929834531002F3568 /* Products */;
			projectDirPath = "";
			projectRoot = "";
			targets = (
				73EC918729834531002F3568 /* iCinema */,
				73EC919D29834533002F3568 /* iCinemaTests */,
				73EC91A729834533002F3568 /* iCinemaUITests */,
			);
		};
/* End PBXProject section */

/* Begin PBXResourcesBuildPhase section */
		73EC918629834531002F3568 /* Resources */ = {
			isa = PBXResourcesBuildPhase;
			buildActionMask = 2147483647;
			files = (
				73EC919829834533002F3568 /* LaunchScreen.storyboard in Resources */,
				73A30CA729835B1F00D672E6 /* Localizable.strings in Resources */,
				7325B8732988B7FA0009B8EC /* README.md in Resources */,
				73EC919529834533002F3568 /* Assets.xcassets in Resources */,
				731FBF7229B0BF9B00798DF5 /* stories.json in Resources */,
			);
			runOnlyForDeploymentPostprocessing = 0;
		};
		73EC919C29834533002F3568 /* Resources */ = {
			isa = PBXResourcesBuildPhase;
			buildActionMask = 2147483647;
			files = (
			);
			runOnlyForDeploymentPostprocessing = 0;
		};
		73EC91A629834533002F3568 /* Resources */ = {
			isa = PBXResourcesBuildPhase;
			buildActionMask = 2147483647;
			files = (
			);
			runOnlyForDeploymentPostprocessing = 0;
		};
/* End PBXResourcesBuildPhase section */

/* Begin PBXShellScriptBuildPhase section */
		13A57CB143429840B5C69CA2 /* [CP] Check Pods Manifest.lock */ = {
			isa = PBXShellScriptBuildPhase;
			buildActionMask = 2147483647;
			files = (
			);
			inputFileListPaths = (
			);
			inputPaths = (
				"${PODS_PODFILE_DIR_PATH}/Podfile.lock",
				"${PODS_ROOT}/Manifest.lock",
			);
			name = "[CP] Check Pods Manifest.lock";
			outputFileListPaths = (
			);
			outputPaths = (
				"$(DERIVED_FILE_DIR)/Pods-iCinemaTests-checkManifestLockResult.txt",
			);
			runOnlyForDeploymentPostprocessing = 0;
			shellPath = /bin/sh;
			shellScript = "diff \"${PODS_PODFILE_DIR_PATH}/Podfile.lock\" \"${PODS_ROOT}/Manifest.lock\" > /dev/null\nif [ $? != 0 ] ; then\n    # print error to STDERR\n    echo \"error: The sandbox is not in sync with the Podfile.lock. Run 'pod install' or update your CocoaPods installation.\" >&2\n    exit 1\nfi\n# This output is used by Xcode 'outputs' to avoid re-running this script phase.\necho \"SUCCESS\" > \"${SCRIPT_OUTPUT_FILE_0}\"\n";
			showEnvVarsInLog = 0;
		};
		3AC4F6E1695203F95D282547 /* [CP] Check Pods Manifest.lock */ = {
			isa = PBXShellScriptBuildPhase;
			buildActionMask = 2147483647;
			files = (
			);
			inputFileListPaths = (
			);
			inputPaths = (
				"${PODS_PODFILE_DIR_PATH}/Podfile.lock",
				"${PODS_ROOT}/Manifest.lock",
			);
			name = "[CP] Check Pods Manifest.lock";
			outputFileListPaths = (
			);
			outputPaths = (
				"$(DERIVED_FILE_DIR)/Pods-iCinema-checkManifestLockResult.txt",
			);
			runOnlyForDeploymentPostprocessing = 0;
			shellPath = /bin/sh;
			shellScript = "diff \"${PODS_PODFILE_DIR_PATH}/Podfile.lock\" \"${PODS_ROOT}/Manifest.lock\" > /dev/null\nif [ $? != 0 ] ; then\n    # print error to STDERR\n    echo \"error: The sandbox is not in sync with the Podfile.lock. Run 'pod install' or update your CocoaPods installation.\" >&2\n    exit 1\nfi\n# This output is used by Xcode 'outputs' to avoid re-running this script phase.\necho \"SUCCESS\" > \"${SCRIPT_OUTPUT_FILE_0}\"\n";
			showEnvVarsInLog = 0;
		};
		7EF7A017FABE729C9A866414 /* [CP] Embed Pods Frameworks */ = {
			isa = PBXShellScriptBuildPhase;
			buildActionMask = 2147483647;
			files = (
			);
			inputFileListPaths = (
				"${PODS_ROOT}/Target Support Files/Pods-iCinema-iCinemaUITests/Pods-iCinema-iCinemaUITests-frameworks-${CONFIGURATION}-input-files.xcfilelist",
			);
			name = "[CP] Embed Pods Frameworks";
			outputFileListPaths = (
				"${PODS_ROOT}/Target Support Files/Pods-iCinema-iCinemaUITests/Pods-iCinema-iCinemaUITests-frameworks-${CONFIGURATION}-output-files.xcfilelist",
			);
			runOnlyForDeploymentPostprocessing = 0;
			shellPath = /bin/sh;
			shellScript = "\"${PODS_ROOT}/Target Support Files/Pods-iCinema-iCinemaUITests/Pods-iCinema-iCinemaUITests-frameworks.sh\"\n";
			showEnvVarsInLog = 0;
		};
		933A5FD38024B0E1B7E9D46D /* [CP] Check Pods Manifest.lock */ = {
			isa = PBXShellScriptBuildPhase;
			buildActionMask = 2147483647;
			files = (
			);
			inputFileListPaths = (
			);
			inputPaths = (
				"${PODS_PODFILE_DIR_PATH}/Podfile.lock",
				"${PODS_ROOT}/Manifest.lock",
			);
			name = "[CP] Check Pods Manifest.lock";
			outputFileListPaths = (
			);
			outputPaths = (
				"$(DERIVED_FILE_DIR)/Pods-iCinema-iCinemaUITests-checkManifestLockResult.txt",
			);
			runOnlyForDeploymentPostprocessing = 0;
			shellPath = /bin/sh;
			shellScript = "diff \"${PODS_PODFILE_DIR_PATH}/Podfile.lock\" \"${PODS_ROOT}/Manifest.lock\" > /dev/null\nif [ $? != 0 ] ; then\n    # print error to STDERR\n    echo \"error: The sandbox is not in sync with the Podfile.lock. Run 'pod install' or update your CocoaPods installation.\" >&2\n    exit 1\nfi\n# This output is used by Xcode 'outputs' to avoid re-running this script phase.\necho \"SUCCESS\" > \"${SCRIPT_OUTPUT_FILE_0}\"\n";
			showEnvVarsInLog = 0;
		};
		C2FDEA81834EA7F712FE0243 /* [CP] Embed Pods Frameworks */ = {
			isa = PBXShellScriptBuildPhase;
			buildActionMask = 2147483647;
			files = (
			);
			inputFileListPaths = (
				"${PODS_ROOT}/Target Support Files/Pods-iCinema/Pods-iCinema-frameworks-${CONFIGURATION}-input-files.xcfilelist",
			);
			name = "[CP] Embed Pods Frameworks";
			outputFileListPaths = (
				"${PODS_ROOT}/Target Support Files/Pods-iCinema/Pods-iCinema-frameworks-${CONFIGURATION}-output-files.xcfilelist",
			);
			runOnlyForDeploymentPostprocessing = 0;
			shellPath = /bin/sh;
			shellScript = "\"${PODS_ROOT}/Target Support Files/Pods-iCinema/Pods-iCinema-frameworks.sh\"\n";
			showEnvVarsInLog = 0;
		};
/* End PBXShellScriptBuildPhase section */

/* Begin PBXSourcesBuildPhase section */
		73EC918429834531002F3568 /* Sources */ = {
			isa = PBXSourcesBuildPhase;
			buildActionMask = 2147483647;
			files = (
				731FBF5429B0BF7E00798DF5 /* Color+Additions.swift in Sources */,
				738EEF3029AE66E100CDEE88 /* PosterPaginationView.swift in Sources */,
				73F04FBD2999333F00F543EE /* Model.swift in Sources */,
				7311C3172991BA3000C0610F /* AppCoordinator.swift in Sources */,
				73687B7529AEA23F007DB431 /* MovieCell.swift in Sources */,
				730E1C2329A966DC00F2AB85 /* NotificationViewController.swift in Sources */,
				731FBF8129B0C2CB00798DF5 /* IGHomeViewModel.swift in Sources */,
				731FBF7729B0C25C00798DF5 /* IGAppUtility.swift in Sources */,
				73EC91D829834D41002F3568 /* UIView+CenterInSuperviewConstraints.swift in Sources */,
				73EF78B1298F2AF400A5DF2D /* CollectionViewCompositionalLayout.swift in Sources */,
				730E1C1629A95DBA00F2AB85 /* ReelsViewController.swift in Sources */,
				73F7935929A7DB5A007252BE /* CustomShape.swift in Sources */,
				73687B7729AEA318007DB431 /* MovieSectionHeader.swift in Sources */,
				730E1C1F29A960F300F2AB85 /* TicketCoordinator.swift in Sources */,
				730E1C1429A95D9F00F2AB85 /* ReelsCoordinator.swift in Sources */,
				731FBF5E29B0BF7E00798DF5 /* IGRoundedView.swift in Sources */,
				733DAA2929B3BA3D00741211 /* DumySection.swift in Sources */,
				731FBF6B29B0BF7E00798DF5 /* CubeAttributesAnimator.swift in Sources */,
				730E1C2129A966CF00F2AB85 /* NotificationCoordinator.swift in Sources */,
				73F0BC072989C4D800742BA2 /* PhoneViewController.swift in Sources */,
				731FBF6529B0BF7E00798DF5 /* IGCommon.swift in Sources */,
				731FBF6229B0BF7E00798DF5 /* IGCache.swift in Sources */,
				730E1C0E29A955F700F2AB85 /* HomeCoordinator.swift in Sources */,
				73FED1E2298874CD00395727 /* FontManager.swift in Sources */,
				73EC91BC29834569002F3568 /* ICinemaViewController.swift in Sources */,
				731FBF6329B0BF7E00798DF5 /* IGVideoCacheManager.swift in Sources */,
				731FBF6E29B0BF7E00798DF5 /* LayoutAttributesAnimator.swift in Sources */,
				73A30CAF29835E1700D672E6 /* WelcomeViewController.swift in Sources */,
				73F0C37229AD2B2D00F95B01 /* IdentifiableView.swift in Sources */,
				73F7935729A7C612007252BE /* AppTabBarView.swift in Sources */,
				733DAA2529B3A0CA00741211 /* CinemaProfileViewController.swift in Sources */,
				731FBF5D29B0BF7E00798DF5 /* IGResult.swift in Sources */,
				739864C729AFFCDE008420F6 /* CinemaCell.swift in Sources */,
				731FBF8229B0C2CB00798DF5 /* IGHomeView.swift in Sources */,
				730E1C1B29A95FD100F2AB85 /* MenuViewController.swift in Sources */,
				731FBF5B29B0BF7E00798DF5 /* IGUser.swift in Sources */,
				730E1C1929A95FA600F2AB85 /* MenuCoordinator.swift in Sources */,
				73FED1E42988750100395727 /* SizeManager.swift in Sources */,
				731FBF6729B0BF7E00798DF5 /* IGRetryButton.swift in Sources */,
				73019E7329AAA66C001A03D5 /* +addTitleView.swift in Sources */,
				731FBF6129B0BF7E00798DF5 /* IGURLSession.swift in Sources */,
				731FBF7F29B0C2CB00798DF5 /* IGAddStoryCell.swift in Sources */,
				731FBF8029B0C2CB00798DF5 /* IGHomeController.swift in Sources */,
				739864C529AFFCD3008420F6 /* CinemasSection.swift in Sources */,
				731FBF6929B0BF7E00798DF5 /* Reachability.swift in Sources */,
				731FBF6629B0BF7E00798DF5 /* IGConstants.swift in Sources */,
				73FED1E62988854A00395727 /* RadioButton.swift in Sources */,
				731FBF6829B0BF7E00798DF5 /* IGStoryPreviewView.swift in Sources */,
				731FBF4F29B0BF7E00798DF5 /* IGStoryPreviewCell.swift in Sources */,
				731FBF5C29B0BF7E00798DF5 /* UIImageView+Extension.swift in Sources */,
				73A30CB129835EE200D672E6 /* ImageManager.swift in Sources */,
				73EC91D729834D41002F3568 /* UIView+MakeConstraints.swift in Sources */,
				731FBF5229B0BF7E00798DF5 /* UIView+Extension.swift in Sources */,
				731FBF4E29B0BF7E00798DF5 /* IGMockLoader.swift in Sources */,
				73F7935129A78E55007252BE /* AppTapBarController.swift in Sources */,
				73EC91D929834D41002F3568 /* UIView+FillSuperviewConstraints.swift in Sources */,
				731FBF5629B0BF7E00798DF5 /* IGSnapProgressView.swift in Sources */,
				73EC918C29834531002F3568 /* AppDelegate.swift in Sources */,
				73FED1E029886B0600395727 /* Constants.swift in Sources */,
				730E1C1D29A960E000F2AB85 /* TicketViewController.swift in Sources */,
				73FE17F72991EB960009D238 /* Coordinator.swift in Sources */,
				73019E7629AAB5A0001A03D5 /* +makeCircleImage.swift in Sources */,
				733DAA2129B37B5D00741211 /* InterstsView.swift in Sources */,
				731FBF5029B0BF7E00798DF5 /* IGStoryPreviewModel.swift in Sources */,
				738EEF2C29AE325000CDEE88 /* Poster.swift in Sources */,
				733DAA2729B3B5A200741211 /* TabBarViewModel.swift in Sources */,
				731FBF6D29B0BF7E00798DF5 /* UIView+Anchor.swift in Sources */,
				73BFEFA22989EFA600969452 /* OTPViewController.swift in Sources */,
				731FBF5329B0BF7E00798DF5 /* IGAdditions.swift in Sources */,
				73EC91D629834D41002F3568 /* UIView+SizeConstraints.swift in Sources */,
				730FA8E7298ED92C00F3B955 /* UIView+addAnimate.swift in Sources */,
				73EC918E29834531002F3568 /* SceneDelegate.swift in Sources */,
				733116B82990A9AE00EFD002 /* OTPViewModel.swift in Sources */,
				73EC91C02983462E002F3568 /* ColorsManager.swift in Sources */,
				73861C2629843A170020A63B /* ICinemaTextField.swift in Sources */,
				7311C3132991B9D500C0610F /* AuthFlowCoordinator.swift in Sources */,
				731FBF6C29B0BF7E00798DF5 /* AnimatedCollectionViewLayout.swift in Sources */,
				731FBF6029B0BF7E00798DF5 /* IGError.swift in Sources */,
				731FBF5729B0BF7E00798DF5 /* IGStoryPreviewHeaderView.swift in Sources */,
				731FBF8329B0C2CB00798DF5 /* IGStoryListCell.swift in Sources */,
				73A30CB32983639000D672E6 /* ICinemaButton.swift in Sources */,
				73EF78BC298F3EC900A5DF2D /* +dequeueHelper.swift in Sources */,
				73975B0D299080D000AD955C /* +compositionalLayout.swift in Sources */,
				730E1C1029A9580800F2AB85 /* HomeViewController.swift in Sources */,
				736674E5298EE37C009CA617 /* PhoneViewModel.swift in Sources */,
				731FBF5929B0BF7E00798DF5 /* IGStories.swift in Sources */,
				738EEF2E29AE330A00CDEE88 /* Cinema.swift in Sources */,
				731FBF5A29B0BF7E00798DF5 /* IGSnap.swift in Sources */,
				73A30CAC29835B4000D672E6 /* LanguageManager.swift in Sources */,
				73687B7329AEA228007DB431 /* MoviesSection.swift in Sources */,
				731FBF6429B0BF7E00798DF5 /* IGPlayerView.swift in Sources */,
				73BBF3CB29969DFC00920F53 /* NewUserViewModel.swift in Sources */,
				731FBF5829B0BF7E00798DF5 /* IGStory.swift in Sources */,
				73F0C37429AD7AE900F95B01 /* PosterCell.swift in Sources */,
				73861C242984351E0020A63B /* NewUserViewController.swift in Sources */,
				731FBF5129B0BF7E00798DF5 /* IGStoryPreviewController.swift in Sources */,
				731FBF5529B0BF7E00798DF5 /* ImageView+Additions.swift in Sources */,
				731FBF5F29B0BF7E00798DF5 /* IGImageRequestable.swift in Sources */,
				73F0C37029AD206000F95B01 /* PosterSection.swift in Sources */,
				73F0C37729AD813D00F95B01 /* Movie.swift in Sources */,
			);
			runOnlyForDeploymentPostprocessing = 0;
		};
		73EC919A29834533002F3568 /* Sources */ = {
			isa = PBXSourcesBuildPhase;
			buildActionMask = 2147483647;
			files = (
				736EAA8F2993060F00318F2E /* PhoneViewModelTests.swift in Sources */,
			);
			runOnlyForDeploymentPostprocessing = 0;
		};
		73EC91A429834533002F3568 /* Sources */ = {
			isa = PBXSourcesBuildPhase;
			buildActionMask = 2147483647;
			files = (
				73EC91AD29834533002F3568 /* iCenemaUITests.swift in Sources */,
				73EC91AF29834533002F3568 /* iCenemaUITestsLaunchTests.swift in Sources */,
			);
			runOnlyForDeploymentPostprocessing = 0;
		};
/* End PBXSourcesBuildPhase section */

/* Begin PBXTargetDependency section */
		73EC91A029834533002F3568 /* PBXTargetDependency */ = {
			isa = PBXTargetDependency;
			target = 73EC918729834531002F3568 /* iCinema */;
			targetProxy = 73EC919F29834533002F3568 /* PBXContainerItemProxy */;
		};
		73EC91AA29834533002F3568 /* PBXTargetDependency */ = {
			isa = PBXTargetDependency;
			target = 73EC918729834531002F3568 /* iCinema */;
			targetProxy = 73EC91A929834533002F3568 /* PBXContainerItemProxy */;
		};
/* End PBXTargetDependency section */

/* Begin PBXVariantGroup section */
		73A30CA929835B1F00D672E6 /* Localizable.strings */ = {
			isa = PBXVariantGroup;
			children = (
				73A30CA829835B1F00D672E6 /* ar */,
				73A30CAA29835B2500D672E6 /* en */,
			);
			name = Localizable.strings;
			sourceTree = "<group>";
		};
		73EC919629834533002F3568 /* LaunchScreen.storyboard */ = {
			isa = PBXVariantGroup;
			children = (
				73EC919729834533002F3568 /* Base */,
				73A30CA429835B0200D672E6 /* ar */,
			);
			name = LaunchScreen.storyboard;
			sourceTree = "<group>";
		};
/* End PBXVariantGroup section */

/* Begin XCBuildConfiguration section */
		73EC91B029834533002F3568 /* Debug */ = {
			isa = XCBuildConfiguration;
			buildSettings = {
				ALWAYS_SEARCH_USER_PATHS = NO;
				CLANG_ANALYZER_LOCALIZABILITY_NONLOCALIZED = YES;
				CLANG_ANALYZER_NONNULL = YES;
				CLANG_ANALYZER_NUMBER_OBJECT_CONVERSION = YES_AGGRESSIVE;
				CLANG_CXX_LANGUAGE_STANDARD = "gnu++20";
				CLANG_ENABLE_MODULES = YES;
				CLANG_ENABLE_OBJC_ARC = YES;
				CLANG_ENABLE_OBJC_WEAK = YES;
				CLANG_WARN_BLOCK_CAPTURE_AUTORELEASING = YES;
				CLANG_WARN_BOOL_CONVERSION = YES;
				CLANG_WARN_COMMA = YES;
				CLANG_WARN_CONSTANT_CONVERSION = YES;
				CLANG_WARN_DEPRECATED_OBJC_IMPLEMENTATIONS = YES;
				CLANG_WARN_DIRECT_OBJC_ISA_USAGE = YES_ERROR;
				CLANG_WARN_DOCUMENTATION_COMMENTS = YES;
				CLANG_WARN_EMPTY_BODY = YES;
				CLANG_WARN_ENUM_CONVERSION = YES;
				CLANG_WARN_INFINITE_RECURSION = YES;
				CLANG_WARN_INT_CONVERSION = YES;
				CLANG_WARN_NON_LITERAL_NULL_CONVERSION = YES;
				CLANG_WARN_OBJC_IMPLICIT_RETAIN_SELF = YES;
				CLANG_WARN_OBJC_LITERAL_CONVERSION = YES;
				CLANG_WARN_OBJC_ROOT_CLASS = YES_ERROR;
				CLANG_WARN_QUOTED_INCLUDE_IN_FRAMEWORK_HEADER = YES;
				CLANG_WARN_RANGE_LOOP_ANALYSIS = YES;
				CLANG_WARN_STRICT_PROTOTYPES = YES;
				CLANG_WARN_SUSPICIOUS_MOVE = YES;
				CLANG_WARN_UNGUARDED_AVAILABILITY = YES_AGGRESSIVE;
				CLANG_WARN_UNREACHABLE_CODE = YES;
				CLANG_WARN__DUPLICATE_METHOD_MATCH = YES;
				COPY_PHASE_STRIP = NO;
				DEBUG_INFORMATION_FORMAT = dwarf;
				ENABLE_STRICT_OBJC_MSGSEND = YES;
				ENABLE_TESTABILITY = YES;
				GCC_C_LANGUAGE_STANDARD = gnu11;
				GCC_DYNAMIC_NO_PIC = NO;
				GCC_NO_COMMON_BLOCKS = YES;
				GCC_OPTIMIZATION_LEVEL = 0;
				GCC_PREPROCESSOR_DEFINITIONS = (
					"DEBUG=1",
					"$(inherited)",
				);
				GCC_WARN_64_TO_32_BIT_CONVERSION = YES;
				GCC_WARN_ABOUT_RETURN_TYPE = YES_ERROR;
				GCC_WARN_UNDECLARED_SELECTOR = YES;
				GCC_WARN_UNINITIALIZED_AUTOS = YES_AGGRESSIVE;
				GCC_WARN_UNUSED_FUNCTION = YES;
				GCC_WARN_UNUSED_VARIABLE = YES;
				IPHONEOS_DEPLOYMENT_TARGET = 15.0;
				MTL_ENABLE_DEBUG_INFO = INCLUDE_SOURCE;
				MTL_FAST_MATH = YES;
				ONLY_ACTIVE_ARCH = YES;
				SDKROOT = iphoneos;
				SWIFT_ACTIVE_COMPILATION_CONDITIONS = DEBUG;
				SWIFT_OPTIMIZATION_LEVEL = "-Onone";
			};
			name = Debug;
		};
		73EC91B129834533002F3568 /* Release */ = {
			isa = XCBuildConfiguration;
			buildSettings = {
				ALWAYS_SEARCH_USER_PATHS = NO;
				CLANG_ANALYZER_LOCALIZABILITY_NONLOCALIZED = YES;
				CLANG_ANALYZER_NONNULL = YES;
				CLANG_ANALYZER_NUMBER_OBJECT_CONVERSION = YES_AGGRESSIVE;
				CLANG_CXX_LANGUAGE_STANDARD = "gnu++20";
				CLANG_ENABLE_MODULES = YES;
				CLANG_ENABLE_OBJC_ARC = YES;
				CLANG_ENABLE_OBJC_WEAK = YES;
				CLANG_WARN_BLOCK_CAPTURE_AUTORELEASING = YES;
				CLANG_WARN_BOOL_CONVERSION = YES;
				CLANG_WARN_COMMA = YES;
				CLANG_WARN_CONSTANT_CONVERSION = YES;
				CLANG_WARN_DEPRECATED_OBJC_IMPLEMENTATIONS = YES;
				CLANG_WARN_DIRECT_OBJC_ISA_USAGE = YES_ERROR;
				CLANG_WARN_DOCUMENTATION_COMMENTS = YES;
				CLANG_WARN_EMPTY_BODY = YES;
				CLANG_WARN_ENUM_CONVERSION = YES;
				CLANG_WARN_INFINITE_RECURSION = YES;
				CLANG_WARN_INT_CONVERSION = YES;
				CLANG_WARN_NON_LITERAL_NULL_CONVERSION = YES;
				CLANG_WARN_OBJC_IMPLICIT_RETAIN_SELF = YES;
				CLANG_WARN_OBJC_LITERAL_CONVERSION = YES;
				CLANG_WARN_OBJC_ROOT_CLASS = YES_ERROR;
				CLANG_WARN_QUOTED_INCLUDE_IN_FRAMEWORK_HEADER = YES;
				CLANG_WARN_RANGE_LOOP_ANALYSIS = YES;
				CLANG_WARN_STRICT_PROTOTYPES = YES;
				CLANG_WARN_SUSPICIOUS_MOVE = YES;
				CLANG_WARN_UNGUARDED_AVAILABILITY = YES_AGGRESSIVE;
				CLANG_WARN_UNREACHABLE_CODE = YES;
				CLANG_WARN__DUPLICATE_METHOD_MATCH = YES;
				COPY_PHASE_STRIP = NO;
				DEBUG_INFORMATION_FORMAT = "dwarf-with-dsym";
				ENABLE_NS_ASSERTIONS = NO;
				ENABLE_STRICT_OBJC_MSGSEND = YES;
				GCC_C_LANGUAGE_STANDARD = gnu11;
				GCC_NO_COMMON_BLOCKS = YES;
				GCC_WARN_64_TO_32_BIT_CONVERSION = YES;
				GCC_WARN_ABOUT_RETURN_TYPE = YES_ERROR;
				GCC_WARN_UNDECLARED_SELECTOR = YES;
				GCC_WARN_UNINITIALIZED_AUTOS = YES_AGGRESSIVE;
				GCC_WARN_UNUSED_FUNCTION = YES;
				GCC_WARN_UNUSED_VARIABLE = YES;
				IPHONEOS_DEPLOYMENT_TARGET = 15.0;
				MTL_ENABLE_DEBUG_INFO = NO;
				MTL_FAST_MATH = YES;
				SDKROOT = iphoneos;
				SWIFT_COMPILATION_MODE = wholemodule;
				SWIFT_OPTIMIZATION_LEVEL = "-O";
				VALIDATE_PRODUCT = YES;
			};
			name = Release;
		};
		73EC91B329834533002F3568 /* Debug */ = {
			isa = XCBuildConfiguration;
			baseConfigurationReference = 98DBFEE5DA2DA7585F88DDC8 /* Pods-iCinema.debug.xcconfig */;
			buildSettings = {
				ASSETCATALOG_COMPILER_APPICON_NAME = AppIcon;
				ASSETCATALOG_COMPILER_GLOBAL_ACCENT_COLOR_NAME = AccentColor;
				CODE_SIGN_STYLE = Automatic;
				CURRENT_PROJECT_VERSION = 1;
				DEVELOPMENT_TEAM = 4U8DMJ33ZN;
				GENERATE_INFOPLIST_FILE = YES;
				INFOPLIST_FILE = iCenema/Info.plist;
				INFOPLIST_KEY_CFBundleDisplayName = iCinema;
				INFOPLIST_KEY_LSApplicationCategoryType = "public.app-category.entertainment";
				INFOPLIST_KEY_UIApplicationSupportsIndirectInputEvents = YES;
				INFOPLIST_KEY_UILaunchStoryboardName = LaunchScreen;
				INFOPLIST_KEY_UIStatusBarStyle = "";
				IPHONEOS_DEPLOYMENT_TARGET = 15.0;
				LD_RUNPATH_SEARCH_PATHS = (
					"$(inherited)",
					"@executable_path/Frameworks",
				);
				MARKETING_VERSION = 1.0;
				PRODUCT_BUNDLE_IDENTIFIER = yamany.iCenema;
				PRODUCT_NAME = "$(TARGET_NAME)";
				SWIFT_EMIT_LOC_STRINGS = YES;
				SWIFT_VERSION = 5.0;
				TARGETED_DEVICE_FAMILY = "1,2";
			};
			name = Debug;
		};
		73EC91B429834533002F3568 /* Release */ = {
			isa = XCBuildConfiguration;
			baseConfigurationReference = CFCE4B63DC4EBA33B8DDC1E3 /* Pods-iCinema.release.xcconfig */;
			buildSettings = {
				ASSETCATALOG_COMPILER_APPICON_NAME = AppIcon;
				ASSETCATALOG_COMPILER_GLOBAL_ACCENT_COLOR_NAME = AccentColor;
				CODE_SIGN_STYLE = Automatic;
				CURRENT_PROJECT_VERSION = 1;
				DEVELOPMENT_TEAM = 4U8DMJ33ZN;
				GENERATE_INFOPLIST_FILE = YES;
				INFOPLIST_FILE = iCenema/Info.plist;
				INFOPLIST_KEY_CFBundleDisplayName = iCinema;
				INFOPLIST_KEY_LSApplicationCategoryType = "public.app-category.entertainment";
				INFOPLIST_KEY_UIApplicationSupportsIndirectInputEvents = YES;
				INFOPLIST_KEY_UILaunchStoryboardName = LaunchScreen;
				INFOPLIST_KEY_UIStatusBarStyle = "";
				IPHONEOS_DEPLOYMENT_TARGET = 15.0;
				LD_RUNPATH_SEARCH_PATHS = (
					"$(inherited)",
					"@executable_path/Frameworks",
				);
				MARKETING_VERSION = 1.0;
				PRODUCT_BUNDLE_IDENTIFIER = yamany.iCenema;
				PRODUCT_NAME = "$(TARGET_NAME)";
				SWIFT_EMIT_LOC_STRINGS = YES;
				SWIFT_VERSION = 5.0;
				TARGETED_DEVICE_FAMILY = "1,2";
			};
			name = Release;
		};
		73EC91B629834533002F3568 /* Debug */ = {
			isa = XCBuildConfiguration;
			baseConfigurationReference = 86F3F46257D3F5904BB5020D /* Pods-iCinemaTests.debug.xcconfig */;
			buildSettings = {
				ALWAYS_EMBED_SWIFT_STANDARD_LIBRARIES = YES;
				BUNDLE_LOADER = "$(TEST_HOST)";
				CODE_SIGN_STYLE = Automatic;
				CURRENT_PROJECT_VERSION = 1;
				DEVELOPMENT_TEAM = 4U8DMJ33ZN;
				GENERATE_INFOPLIST_FILE = YES;
				IPHONEOS_DEPLOYMENT_TARGET = 15.0;
				MARKETING_VERSION = 1.0;
				PRODUCT_BUNDLE_IDENTIFIER = yamany.iCenemaTests;
				PRODUCT_NAME = "$(TARGET_NAME)";
				SWIFT_EMIT_LOC_STRINGS = NO;
				SWIFT_VERSION = 5.0;
				TARGETED_DEVICE_FAMILY = "1,2";
				TEST_HOST = "$(BUILT_PRODUCTS_DIR)/iCinema.app/$(BUNDLE_EXECUTABLE_FOLDER_PATH)/iCinema";
			};
			name = Debug;
		};
		73EC91B729834533002F3568 /* Release */ = {
			isa = XCBuildConfiguration;
			baseConfigurationReference = D66994A36BFCFA9FED681ABE /* Pods-iCinemaTests.release.xcconfig */;
			buildSettings = {
				ALWAYS_EMBED_SWIFT_STANDARD_LIBRARIES = YES;
				BUNDLE_LOADER = "$(TEST_HOST)";
				CODE_SIGN_STYLE = Automatic;
				CURRENT_PROJECT_VERSION = 1;
				DEVELOPMENT_TEAM = 4U8DMJ33ZN;
				GENERATE_INFOPLIST_FILE = YES;
				IPHONEOS_DEPLOYMENT_TARGET = 15.0;
				MARKETING_VERSION = 1.0;
				PRODUCT_BUNDLE_IDENTIFIER = yamany.iCenemaTests;
				PRODUCT_NAME = "$(TARGET_NAME)";
				SWIFT_EMIT_LOC_STRINGS = NO;
				SWIFT_VERSION = 5.0;
				TARGETED_DEVICE_FAMILY = "1,2";
				TEST_HOST = "$(BUILT_PRODUCTS_DIR)/iCinema.app/$(BUNDLE_EXECUTABLE_FOLDER_PATH)/iCinema";
			};
			name = Release;
		};
		73EC91B929834533002F3568 /* Debug */ = {
			isa = XCBuildConfiguration;
			baseConfigurationReference = D43966CC7E40DBDC8C2FE4DB /* Pods-iCinema-iCinemaUITests.debug.xcconfig */;
			buildSettings = {
				ALWAYS_EMBED_SWIFT_STANDARD_LIBRARIES = YES;
				CODE_SIGN_STYLE = Automatic;
				CURRENT_PROJECT_VERSION = 1;
				DEVELOPMENT_TEAM = 4U8DMJ33ZN;
				GENERATE_INFOPLIST_FILE = YES;
				MARKETING_VERSION = 1.0;
				PRODUCT_BUNDLE_IDENTIFIER = yamany.iCenemaUITests;
				PRODUCT_NAME = "$(TARGET_NAME)";
				SWIFT_EMIT_LOC_STRINGS = NO;
				SWIFT_VERSION = 5.0;
				TARGETED_DEVICE_FAMILY = "1,2";
				TEST_TARGET_NAME = iCenema;
			};
			name = Debug;
		};
		73EC91BA29834533002F3568 /* Release */ = {
			isa = XCBuildConfiguration;
			baseConfigurationReference = 2CFBF74A68AFC6696F4A77EC /* Pods-iCinema-iCinemaUITests.release.xcconfig */;
			buildSettings = {
				ALWAYS_EMBED_SWIFT_STANDARD_LIBRARIES = YES;
				CODE_SIGN_STYLE = Automatic;
				CURRENT_PROJECT_VERSION = 1;
				DEVELOPMENT_TEAM = 4U8DMJ33ZN;
				GENERATE_INFOPLIST_FILE = YES;
				MARKETING_VERSION = 1.0;
				PRODUCT_BUNDLE_IDENTIFIER = yamany.iCenemaUITests;
				PRODUCT_NAME = "$(TARGET_NAME)";
				SWIFT_EMIT_LOC_STRINGS = NO;
				SWIFT_VERSION = 5.0;
				TARGETED_DEVICE_FAMILY = "1,2";
				TEST_TARGET_NAME = iCenema;
			};
			name = Release;
		};
/* End XCBuildConfiguration section */

/* Begin XCConfigurationList section */
		73EC918329834531002F3568 /* Build configuration list for PBXProject "iCinema" */ = {
			isa = XCConfigurationList;
			buildConfigurations = (
				73EC91B029834533002F3568 /* Debug */,
				73EC91B129834533002F3568 /* Release */,
			);
			defaultConfigurationIsVisible = 0;
			defaultConfigurationName = Release;
		};
		73EC91B229834533002F3568 /* Build configuration list for PBXNativeTarget "iCinema" */ = {
			isa = XCConfigurationList;
			buildConfigurations = (
				73EC91B329834533002F3568 /* Debug */,
				73EC91B429834533002F3568 /* Release */,
			);
			defaultConfigurationIsVisible = 0;
			defaultConfigurationName = Release;
		};
		73EC91B529834533002F3568 /* Build configuration list for PBXNativeTarget "iCinemaTests" */ = {
			isa = XCConfigurationList;
			buildConfigurations = (
				73EC91B629834533002F3568 /* Debug */,
				73EC91B729834533002F3568 /* Release */,
			);
			defaultConfigurationIsVisible = 0;
			defaultConfigurationName = Release;
		};
		73EC91B829834533002F3568 /* Build configuration list for PBXNativeTarget "iCinemaUITests" */ = {
			isa = XCConfigurationList;
			buildConfigurations = (
				73EC91B929834533002F3568 /* Debug */,
				73EC91BA29834533002F3568 /* Release */,
			);
			defaultConfigurationIsVisible = 0;
			defaultConfigurationName = Release;
		};
/* End XCConfigurationList section */

/* Begin XCRemoteSwiftPackageReference section */
		73F0BC152989D24600742BA2 /* XCRemoteSwiftPackageReference "CountryPickerView" */ = {
			isa = XCRemoteSwiftPackageReference;
			repositoryURL = "https://github.com/kizitonwose/CountryPickerView.git";
			requirement = {
				branch = master;
				kind = branch;
			};
		};
/* End XCRemoteSwiftPackageReference section */

/* Begin XCSwiftPackageProductDependency section */
		73F0BC162989D24600742BA2 /* CountryPickerView */ = {
			isa = XCSwiftPackageProductDependency;
			package = 73F0BC152989D24600742BA2 /* XCRemoteSwiftPackageReference "CountryPickerView" */;
			productName = CountryPickerView;
		};
/* End XCSwiftPackageProductDependency section */
	};
	rootObject = 73EC918029834531002F3568 /* Project object */;
}
