{
  "pins" : [
    {
      "identity" : "alamofire",
      "kind" : "remoteSourceControl",
      "location" : "https://github.com/Alamofire/Alamofire.git",
      "state" : {
        "branch" : "master",
        "revision" : "81a29729e7dbfe7b976723843d0280926587a532"
      }
    },
    {
      "identity" : "countrypickerview",
      "kind" : "remoteSourceControl",
      "location" : "https://github.com/kizitonwose/CountryPickerView.git",
      "state" : {
        "branch" : "master",
        "revision" : "711740bcca36626c99a4901c8fc9fbc880a2debb"
      }
    },
    {
      "identity" : "kingfisher",
      "kind" : "remoteSourceControl",
      "location" : "https://github.com/onevcat/Kingfisher.git",
      "state" : {
        "branch" : "master",
        "revision" : "7f6331da4d0fcebec4996e9a64d072f467be932d"
      }
    },
    {
      "identity" : "lottie-spm",
      "kind" : "remoteSourceControl",
      "location" : "https://github.com/airbnb/lottie-spm.git",
      "state" : {
        "branch" : "main",
        "revision" : "c3852816c622ad35a03ed39c187c1644ece2382b"
      }
    },
    {
      "identity" : "spalert",
      "kind" : "remoteSourceControl",
      "location" : "https://github.com/ivanvorobei/SPAlert",
      "state" : {
        "revision" : "5fd3e2923d26f0f0b40f0e6c10fca458a61a73c4",
        "version" : "4.2.0"
      }
    },
    {
      "identity" : "spconfetti",
      "kind" : "remoteSourceControl",
      "location" : "https://github.com/ivanvorobei/SPConfetti",
      "state" : {
        "revision" : "257a8674c62212a3919abd1f9cb31dc2fc7b0992",
        "version" : "1.4.1"
      }
    },
    {
      "identity" : "swiftyjson",
      "kind" : "remoteSourceControl",
      "location" : "https://github.com/SwiftyJSON/SwiftyJSON.git",
      "state" : {
        "revision" : "b3dcd7dbd0d488e1a7077cb33b00f2083e382f07",
        "version" : "5.0.1"
      }
    },
    {
      "identity" : "trackable-scroll-view",
      "kind" : "remoteSourceControl",
      "location" : "https://github.com/maxnatchanon/trackable-scroll-view",
      "state" : {
        "branch" : "master",
        "revision" : "4b094575c2370c3341d0b377a27b46bda4f937f7"
      }
    }
  ],
  "version" : 2
}
